// !$*UTF8*$!
{
	archiveVersion = 1;
	classes = {
	};
	objectVersion = 48;
	objects = {

/* Begin PBXBuildFile section */
		6868217ACE580F5D4E867FA7 /* Pods_Yihaodar.framework in Frameworks */ = {isa = PBXBuildFile; fileRef = 345B0B2259BEFB9AEECD9CD0 /* Pods_Yihaodar.framework */; };
		8A235112201E0AC4002715E0 /* AppDelegate.swift in Sources */ = {isa = PBXBuildFile; fileRef = 8A235111201E0AC4002715E0 /* AppDelegate.swift */; };
		8A235117201E0AC4002715E0 /* Main.storyboard in Resources */ = {isa = PBXBuildFile; fileRef = 8A235115201E0AC4002715E0 /* Main.storyboard */; };
		8A235119201E0AC4002715E0 /* Assets.xcassets in Resources */ = {isa = PBXBuildFile; fileRef = 8A235118201E0AC4002715E0 /* Assets.xcassets */; };
		8A23511C201E0AC4002715E0 /* LaunchScreen.storyboard in Resources */ = {isa = PBXBuildFile; fileRef = 8A23511A201E0AC4002715E0 /* LaunchScreen.storyboard */; };
		8A6587802021C97A0031DD3D /* GLWorkTableController.swift in Sources */ = {isa = PBXBuildFile; fileRef = 8A65877F2021C97A0031DD3D /* GLWorkTableController.swift */; };
		8AD2E8702020795A008D32EA /* GLTabBarController.swift in Sources */ = {isa = PBXBuildFile; fileRef = 8AD2E86F2020795A008D32EA /* GLTabBarController.swift */; };
		8AD2E87220208366008D32EA /* GLNavigationController.swift in Sources */ = {isa = PBXBuildFile; fileRef = 8AD2E87120208366008D32EA /* GLNavigationController.swift */; };
/* End PBXBuildFile section */

/* Begin PBXFileReference section */
		345B0B2259BEFB9AEECD9CD0 /* Pods_Yihaodar.framework */ = {isa = PBXFileReference; explicitFileType = wrapper.framework; includeInIndex = 0; path = Pods_Yihaodar.framework; sourceTree = BUILT_PRODUCTS_DIR; };
		8A23510E201E0AC4002715E0 /* Yihaodar.app */ = {isa = PBXFileReference; explicitFileType = wrapper.application; includeInIndex = 0; path = Yihaodar.app; sourceTree = BUILT_PRODUCTS_DIR; };
		8A235111201E0AC4002715E0 /* AppDelegate.swift */ = {isa = PBXFileReference; lastKnownFileType = sourcecode.swift; path = AppDelegate.swift; sourceTree = "<group>"; };
		8A235116201E0AC4002715E0 /* Base */ = {isa = PBXFileReference; lastKnownFileType = file.storyboard; name = Base; path = Base.lproj/Main.storyboard; sourceTree = "<group>"; };
		8A235118201E0AC4002715E0 /* Assets.xcassets */ = {isa = PBXFileReference; lastKnownFileType = folder.assetcatalog; path = Assets.xcassets; sourceTree = "<group>"; };
		8A23511B201E0AC4002715E0 /* Base */ = {isa = PBXFileReference; lastKnownFileType = file.storyboard; name = Base; path = Base.lproj/LaunchScreen.storyboard; sourceTree = "<group>"; };
		8A23511D201E0AC4002715E0 /* Info.plist */ = {isa = PBXFileReference; lastKnownFileType = text.plist.xml; path = Info.plist; sourceTree = "<group>"; };
		8A65877F2021C97A0031DD3D /* GLWorkTableController.swift */ = {isa = PBXFileReference; lastKnownFileType = sourcecode.swift; path = GLWorkTableController.swift; sourceTree = "<group>"; };
		8AD2E86F2020795A008D32EA /* GLTabBarController.swift */ = {isa = PBXFileReference; lastKnownFileType = sourcecode.swift; path = GLTabBarController.swift; sourceTree = "<group>"; };
		8AD2E87120208366008D32EA /* GLNavigationController.swift */ = {isa = PBXFileReference; lastKnownFileType = sourcecode.swift; path = GLNavigationController.swift; sourceTree = "<group>"; };
		9CB69999B059A2B4CCF6A133 /* Pods-Yihaodar.release.xcconfig */ = {isa = PBXFileReference; includeInIndex = 1; lastKnownFileType = text.xcconfig; name = "Pods-Yihaodar.release.xcconfig"; path = "Pods/Target Support Files/Pods-Yihaodar/Pods-Yihaodar.release.xcconfig"; sourceTree = "<group>"; };
		B680B68F5D769927FEBDA177 /* Pods-Yihaodar.debug.xcconfig */ = {isa = PBXFileReference; includeInIndex = 1; lastKnownFileType = text.xcconfig; name = "Pods-Yihaodar.debug.xcconfig"; path = "Pods/Target Support Files/Pods-Yihaodar/Pods-Yihaodar.debug.xcconfig"; sourceTree = "<group>"; };
/* End PBXFileReference section */

/* Begin PBXFrameworksBuildPhase section */
		8A23510B201E0AC4002715E0 /* Frameworks */ = {
			isa = PBXFrameworksBuildPhase;
			buildActionMask = 2147483647;
			files = (
				6868217ACE580F5D4E867FA7 /* Pods_Yihaodar.framework in Frameworks */,
			);
			runOnlyForDeploymentPostprocessing = 0;
		};
/* End PBXFrameworksBuildPhase section */

/* Begin PBXGroup section */
		8A235105201E0AC4002715E0 = {
			isa = PBXGroup;
			children = (
				8A235110201E0AC4002715E0 /* Yihaodar */,
				8A23510F201E0AC4002715E0 /* Products */,
				A75B12E3B46C11A698C249EA /* Pods */,
				B244A3AEDF5982D8BAD7598C /* Frameworks */,
			);
			sourceTree = "<group>";
		};
		8A23510F201E0AC4002715E0 /* Products */ = {
			isa = PBXGroup;
			children = (
				8A23510E201E0AC4002715E0 /* Yihaodar.app */,
			);
			name = Products;
			sourceTree = "<group>";
		};
		8A235110201E0AC4002715E0 /* Yihaodar */ = {
			isa = PBXGroup;
			children = (
				8A235111201E0AC4002715E0 /* AppDelegate.swift */,
				8A65877F2021C97A0031DD3D /* GLWorkTableController.swift */,
				8AD2E86F2020795A008D32EA /* GLTabBarController.swift */,
				8AD2E87120208366008D32EA /* GLNavigationController.swift */,
				8A235115201E0AC4002715E0 /* Main.storyboard */,
				8A235118201E0AC4002715E0 /* Assets.xcassets */,
				8A23511A201E0AC4002715E0 /* LaunchScreen.storyboard */,
				8A23511D201E0AC4002715E0 /* Info.plist */,
			);
			path = Yihaodar;
			sourceTree = "<group>";
		};
		A75B12E3B46C11A698C249EA /* Pods */ = {
			isa = PBXGroup;
			children = (
				B680B68F5D769927FEBDA177 /* Pods-Yihaodar.debug.xcconfig */,
				9CB69999B059A2B4CCF6A133 /* Pods-Yihaodar.release.xcconfig */,
			);
			name = Pods;
			sourceTree = "<group>";
		};
		B244A3AEDF5982D8BAD7598C /* Frameworks */ = {
			isa = PBXGroup;
			children = (
				345B0B2259BEFB9AEECD9CD0 /* Pods_Yihaodar.framework */,
			);
			name = Frameworks;
			sourceTree = "<group>";
		};
/* End PBXGroup section */

/* Begin PBXNativeTarget section */
		8A23510D201E0AC4002715E0 /* Yihaodar */ = {
			isa = PBXNativeTarget;
			buildConfigurationList = 8A235120201E0AC4002715E0 /* Build configuration list for PBXNativeTarget "Yihaodar" */;
			buildPhases = (
				9513397DF211ADAA115878AC /* [CP] Check Pods Manifest.lock */,
				8A23510A201E0AC4002715E0 /* Sources */,
				8A23510B201E0AC4002715E0 /* Frameworks */,
				8A23510C201E0AC4002715E0 /* Resources */,
				198A080A960E5DDD645447CD /* [CP] Embed Pods Frameworks */,
				F7DFCD408DDEC61F92DF193E /* [CP] Copy Pods Resources */,
			);
			buildRules = (
			);
			dependencies = (
			);
			name = Yihaodar;
			productName = Yihaodar;
			productReference = 8A23510E201E0AC4002715E0 /* Yihaodar.app */;
			productType = "com.apple.product-type.application";
		};
/* End PBXNativeTarget section */

/* Begin PBXProject section */
		8A235106201E0AC4002715E0 /* Project object */ = {
			isa = PBXProject;
			attributes = {
				LastSwiftUpdateCheck = 0920;
				LastUpgradeCheck = 0920;
				ORGANIZATIONNAME = Yihaodar;
				TargetAttributes = {
					8A23510D201E0AC4002715E0 = {
						CreatedOnToolsVersion = 9.2;
						ProvisioningStyle = Automatic;
					};
				};
			};
			buildConfigurationList = 8A235109201E0AC4002715E0 /* Build configuration list for PBXProject "Yihaodar" */;
			compatibilityVersion = "Xcode 8.0";
			developmentRegion = en;
			hasScannedForEncodings = 0;
			knownRegions = (
				en,
				Base,
			);
			mainGroup = 8A235105201E0AC4002715E0;
			productRefGroup = 8A23510F201E0AC4002715E0 /* Products */;
			projectDirPath = "";
			projectRoot = "";
			targets = (
				8A23510D201E0AC4002715E0 /* Yihaodar */,
			);
		};
/* End PBXProject section */

/* Begin PBXResourcesBuildPhase section */
		8A23510C201E0AC4002715E0 /* Resources */ = {
			isa = PBXResourcesBuildPhase;
			buildActionMask = 2147483647;
			files = (
				8A23511C201E0AC4002715E0 /* LaunchScreen.storyboard in Resources */,
				8A235119201E0AC4002715E0 /* Assets.xcassets in Resources */,
				8A235117201E0AC4002715E0 /* Main.storyboard in Resources */,
			);
			runOnlyForDeploymentPostprocessing = 0;
		};
/* End PBXResourcesBuildPhase section */

/* Begin PBXShellScriptBuildPhase section */
		198A080A960E5DDD645447CD /* [CP] Embed Pods Frameworks */ = {
			isa = PBXShellScriptBuildPhase;
			buildActionMask = 2147483647;
			files = (
			);
			inputPaths = (
				"${SRCROOT}/Pods/Target Support Files/Pods-Yihaodar/Pods-Yihaodar-frameworks.sh",
				"${BUILT_PRODUCTS_DIR}/Alamofire/Alamofire.framework",
				"${BUILT_PRODUCTS_DIR}/AwesomeCache/AwesomeCache.framework",
				"${BUILT_PRODUCTS_DIR}/ESPullToRefresh/ESPullToRefresh.framework",
				"${BUILT_PRODUCTS_DIR}/HandyJSON/HandyJSON.framework",
				"${BUILT_PRODUCTS_DIR}/Hero/Hero.framework",
				"${BUILT_PRODUCTS_DIR}/IBAnimatable/IBAnimatable.framework",
				"${BUILT_PRODUCTS_DIR}/Moya/Moya.framework",
				"${BUILT_PRODUCTS_DIR}/RAMAnimatedTabBarController/RAMAnimatedTabBarController.framework",
				"${BUILT_PRODUCTS_DIR}/Result/Result.framework",
				"${BUILT_PRODUCTS_DIR}/SwiftyJSON/SwiftyJSON.framework",
				"${BUILT_PRODUCTS_DIR}/Toast-Swift/Toast_Swift.framework",
				"${BUILT_PRODUCTS_DIR}/XLPagerTabStrip/XLPagerTabStrip.framework",
			);
			name = "[CP] Embed Pods Frameworks";
			outputPaths = (
				"${TARGET_BUILD_DIR}/${FRAMEWORKS_FOLDER_PATH}/Alamofire.framework",
				"${TARGET_BUILD_DIR}/${FRAMEWORKS_FOLDER_PATH}/AwesomeCache.framework",
				"${TARGET_BUILD_DIR}/${FRAMEWORKS_FOLDER_PATH}/ESPullToRefresh.framework",
				"${TARGET_BUILD_DIR}/${FRAMEWORKS_FOLDER_PATH}/HandyJSON.framework",
				"${TARGET_BUILD_DIR}/${FRAMEWORKS_FOLDER_PATH}/Hero.framework",
				"${TARGET_BUILD_DIR}/${FRAMEWORKS_FOLDER_PATH}/IBAnimatable.framework",
				"${TARGET_BUILD_DIR}/${FRAMEWORKS_FOLDER_PATH}/Moya.framework",
				"${TARGET_BUILD_DIR}/${FRAMEWORKS_FOLDER_PATH}/RAMAnimatedTabBarController.framework",
				"${TARGET_BUILD_DIR}/${FRAMEWORKS_FOLDER_PATH}/Result.framework",
				"${TARGET_BUILD_DIR}/${FRAMEWORKS_FOLDER_PATH}/SwiftyJSON.framework",
				"${TARGET_BUILD_DIR}/${FRAMEWORKS_FOLDER_PATH}/Toast_Swift.framework",
				"${TARGET_BUILD_DIR}/${FRAMEWORKS_FOLDER_PATH}/XLPagerTabStrip.framework",
			);
			runOnlyForDeploymentPostprocessing = 0;
			shellPath = /bin/sh;
			shellScript = "\"${SRCROOT}/Pods/Target Support Files/Pods-Yihaodar/Pods-Yihaodar-frameworks.sh\"\n";
			showEnvVarsInLog = 0;
		};
		9513397DF211ADAA115878AC /* [CP] Check Pods Manifest.lock */ = {
			isa = PBXShellScriptBuildPhase;
			buildActionMask = 2147483647;
			files = (
			);
			inputPaths = (
				"${PODS_PODFILE_DIR_PATH}/Podfile.lock",
				"${PODS_ROOT}/Manifest.lock",
			);
			name = "[CP] Check Pods Manifest.lock";
			outputPaths = (
				"$(DERIVED_FILE_DIR)/Pods-Yihaodar-checkManifestLockResult.txt",
			);
			runOnlyForDeploymentPostprocessing = 0;
			shellPath = /bin/sh;
			shellScript = "diff \"${PODS_PODFILE_DIR_PATH}/Podfile.lock\" \"${PODS_ROOT}/Manifest.lock\" > /dev/null\nif [ $? != 0 ] ; then\n    # print error to STDERR\n    echo \"error: The sandbox is not in sync with the Podfile.lock. Run 'pod install' or update your CocoaPods installation.\" >&2\n    exit 1\nfi\n# This output is used by Xcode 'outputs' to avoid re-running this script phase.\necho \"SUCCESS\" > \"${SCRIPT_OUTPUT_FILE_0}\"\n";
			showEnvVarsInLog = 0;
		};
		F7DFCD408DDEC61F92DF193E /* [CP] Copy Pods Resources */ = {
			isa = PBXShellScriptBuildPhase;
			buildActionMask = 2147483647;
			files = (
			);
			inputPaths = (
			);
			name = "[CP] Copy Pods Resources";
			outputPaths = (
			);
			runOnlyForDeploymentPostprocessing = 0;
			shellPath = /bin/sh;
			shellScript = "\"${SRCROOT}/Pods/Target Support Files/Pods-Yihaodar/Pods-Yihaodar-resources.sh\"\n";
			showEnvVarsInLog = 0;
		};
/* End PBXShellScriptBuildPhase section */

/* Begin PBXSourcesBuildPhase section */
		8A23510A201E0AC4002715E0 /* Sources */ = {
			isa = PBXSourcesBuildPhase;
			buildActionMask = 2147483647;
			files = (
				8A6587802021C97A0031DD3D /* GLWorkTableController.swift in Sources */,
				8AD2E8702020795A008D32EA /* GLTabBarController.swift in Sources */,
				8A235112201E0AC4002715E0 /* AppDelegate.swift in Sources */,
				8AD2E87220208366008D32EA /* GLNavigationController.swift in Sources */,
			);
			runOnlyForDeploymentPostprocessing = 0;
		};
/* End PBXSourcesBuildPhase section */

/* Begin PBXVariantGroup section */
		8A235115201E0AC4002715E0 /* Main.storyboard */ = {
			isa = PBXVariantGroup;
			children = (
				8A235116201E0AC4002715E0 /* Base */,
			);
			name = Main.storyboard;
			sourceTree = "<group>";
		};
		8A23511A201E0AC4002715E0 /* LaunchScreen.storyboard */ = {
			isa = PBXVariantGroup;
			children = (
				8A23511B201E0AC4002715E0 /* Base */,
			);
			name = LaunchScreen.storyboard;
			sourceTree = "<group>";
		};
/* End PBXVariantGroup section */

/* Begin XCBuildConfiguration section */
		8A23511E201E0AC4002715E0 /* Debug */ = {
			isa = XCBuildConfiguration;
			buildSettings = {
				ALWAYS_SEARCH_USER_PATHS = NO;
				CLANG_ANALYZER_NONNULL = YES;
				CLANG_ANALYZER_NUMBER_OBJECT_CONVERSION = YES_AGGRESSIVE;
				CLANG_CXX_LANGUAGE_STANDARD = "gnu++14";
				CLANG_CXX_LIBRARY = "libc++";
				CLANG_ENABLE_MODULES = YES;
				CLANG_ENABLE_OBJC_ARC = YES;
				CLANG_WARN_BLOCK_CAPTURE_AUTORELEASING = YES;
				CLANG_WARN_BOOL_CONVERSION = YES;
				CLANG_WARN_COMMA = YES;
				CLANG_WARN_CONSTANT_CONVERSION = YES;
				CLANG_WARN_DIRECT_OBJC_ISA_USAGE = YES_ERROR;
				CLANG_WARN_DOCUMENTATION_COMMENTS = YES;
				CLANG_WARN_EMPTY_BODY = YES;
				CLANG_WARN_ENUM_CONVERSION = YES;
				CLANG_WARN_INFINITE_RECURSION = YES;
				CLANG_WARN_INT_CONVERSION = YES;
				CLANG_WARN_NON_LITERAL_NULL_CONVERSION = YES;
				CLANG_WARN_OBJC_LITERAL_CONVERSION = YES;
				CLANG_WARN_OBJC_ROOT_CLASS = YES_ERROR;
				CLANG_WARN_RANGE_LOOP_ANALYSIS = YES;
				CLANG_WARN_STRICT_PROTOTYPES = YES;
				CLANG_WARN_SUSPICIOUS_MOVE = YES;
				CLANG_WARN_UNGUARDED_AVAILABILITY = YES_AGGRESSIVE;
				CLANG_WARN_UNREACHABLE_CODE = YES;
				CLANG_WARN__DUPLICATE_METHOD_MATCH = YES;
				CODE_SIGN_IDENTITY = "iPhone Developer";
				COPY_PHASE_STRIP = NO;
				DEBUG_INFORMATION_FORMAT = dwarf;
				ENABLE_STRICT_OBJC_MSGSEND = YES;
				ENABLE_TESTABILITY = YES;
				GCC_C_LANGUAGE_STANDARD = gnu11;
				GCC_DYNAMIC_NO_PIC = NO;
				GCC_NO_COMMON_BLOCKS = YES;
				GCC_OPTIMIZATION_LEVEL = 0;
				GCC_PREPROCESSOR_DEFINITIONS = (
					"DEBUG=1",
					"$(inherited)",
				);
				GCC_WARN_64_TO_32_BIT_CONVERSION = YES;
				GCC_WARN_ABOUT_RETURN_TYPE = YES_ERROR;
				GCC_WARN_UNDECLARED_SELECTOR = YES;
				GCC_WARN_UNINITIALIZED_AUTOS = YES_AGGRESSIVE;
				GCC_WARN_UNUSED_FUNCTION = YES;
				GCC_WARN_UNUSED_VARIABLE = YES;
				IPHONEOS_DEPLOYMENT_TARGET = 11.2;
				MTL_ENABLE_DEBUG_INFO = YES;
				ONLY_ACTIVE_ARCH = YES;
				SDKROOT = iphoneos;
				SWIFT_ACTIVE_COMPILATION_CONDITIONS = DEBUG;
				SWIFT_OPTIMIZATION_LEVEL = "-Onone";
			};
			name = Debug;
		};
		8A23511F201E0AC4002715E0 /* Release */ = {
			isa = XCBuildConfiguration;
			buildSettings = {
				ALWAYS_SEARCH_USER_PATHS = NO;
				CLANG_ANALYZER_NONNULL = YES;
				CLANG_ANALYZER_NUMBER_OBJECT_CONVERSION = YES_AGGRESSIVE;
				CLANG_CXX_LANGUAGE_STANDARD = "gnu++14";
				CLANG_CXX_LIBRARY = "libc++";
				CLANG_ENABLE_MODULES = YES;
				CLANG_ENABLE_OBJC_ARC = YES;
				CLANG_WARN_BLOCK_CAPTURE_AUTORELEASING = YES;
				CLANG_WARN_BOOL_CONVERSION = YES;
				CLANG_WARN_COMMA = YES;
				CLANG_WARN_CONSTANT_CONVERSION = YES;
				CLANG_WARN_DIRECT_OBJC_ISA_USAGE = YES_ERROR;
				CLANG_WARN_DOCUMENTATION_COMMENTS = YES;
				CLANG_WARN_EMPTY_BODY = YES;
				CLANG_WARN_ENUM_CONVERSION = YES;
				CLANG_WARN_INFINITE_RECURSION = YES;
				CLANG_WARN_INT_CONVERSION = YES;
				CLANG_WARN_NON_LITERAL_NULL_CONVERSION = YES;
				CLANG_WARN_OBJC_LITERAL_CONVERSION = YES;
				CLANG_WARN_OBJC_ROOT_CLASS = YES_ERROR;
				CLANG_WARN_RANGE_LOOP_ANALYSIS = YES;
				CLANG_WARN_STRICT_PROTOTYPES = YES;
				CLANG_WARN_SUSPICIOUS_MOVE = YES;
				CLANG_WARN_UNGUARDED_AVAILABILITY = YES_AGGRESSIVE;
				CLANG_WARN_UNREACHABLE_CODE = YES;
				CLANG_WARN__DUPLICATE_METHOD_MATCH = YES;
				CODE_SIGN_IDENTITY = "iPhone Developer";
				COPY_PHASE_STRIP = NO;
				DEBUG_INFORMATION_FORMAT = "dwarf-with-dsym";
				ENABLE_NS_ASSERTIONS = NO;
				ENABLE_STRICT_OBJC_MSGSEND = YES;
				GCC_C_LANGUAGE_STANDARD = gnu11;
				GCC_NO_COMMON_BLOCKS = YES;
				GCC_WARN_64_TO_32_BIT_CONVERSION = YES;
				GCC_WARN_ABOUT_RETURN_TYPE = YES_ERROR;
				GCC_WARN_UNDECLARED_SELECTOR = YES;
				GCC_WARN_UNINITIALIZED_AUTOS = YES_AGGRESSIVE;
				GCC_WARN_UNUSED_FUNCTION = YES;
				GCC_WARN_UNUSED_VARIABLE = YES;
				IPHONEOS_DEPLOYMENT_TARGET = 11.2;
				MTL_ENABLE_DEBUG_INFO = NO;
				SDKROOT = iphoneos;
				SWIFT_OPTIMIZATION_LEVEL = "-Owholemodule";
				VALIDATE_PRODUCT = YES;
			};
			name = Release;
		};
		8A235121201E0AC4002715E0 /* Debug */ = {
			isa = XCBuildConfiguration;
			baseConfigurationReference = B680B68F5D769927FEBDA177 /* Pods-Yihaodar.debug.xcconfig */;
			buildSettings = {
				ASSETCATALOG_COMPILER_APPICON_NAME = AppIcon;
				CODE_SIGN_STYLE = Automatic;
				INFOPLIST_FILE = Yihaodar/Info.plist;
				IPHONEOS_DEPLOYMENT_TARGET = 9.0;
				LD_RUNPATH_SEARCH_PATHS = "$(inherited) @executable_path/Frameworks";
				PRODUCT_BUNDLE_IDENTIFIER = com.yihaodar.Yihaodar;
				PRODUCT_NAME = "$(TARGET_NAME)";
				SWIFT_VERSION = 4.0;
				TARGETED_DEVICE_FAMILY = "1,2";
			};
			name = Debug;
		};
		8A235122201E0AC4002715E0 /* Release */ = {
			isa = XCBuildConfiguration;
			baseConfigurationReference = 9CB69999B059A2B4CCF6A133 /* Pods-Yihaodar.release.xcconfig */;
			buildSettings = {
				ASSETCATALOG_COMPILER_APPICON_NAME = AppIcon;
				CODE_SIGN_STYLE = Automatic;
				INFOPLIST_FILE = Yihaodar/Info.plist;
				IPHONEOS_DEPLOYMENT_TARGET = 9.0;
				LD_RUNPATH_SEARCH_PATHS = "$(inherited) @executable_path/Frameworks";
				PRODUCT_BUNDLE_IDENTIFIER = com.yihaodar.Yihaodar;
				PRODUCT_NAME = "$(TARGET_NAME)";
				SWIFT_VERSION = 4.0;
				TARGETED_DEVICE_FAMILY = "1,2";
			};
			name = Release;
		};
/* End XCBuildConfiguration section */

/* Begin XCConfigurationList section */
		8A235109201E0AC4002715E0 /* Build configuration list for PBXProject "Yihaodar" */ = {
			isa = XCConfigurationList;
			buildConfigurations = (
				8A23511E201E0AC4002715E0 /* Debug */,
				8A23511F201E0AC4002715E0 /* Release */,
			);
			defaultConfigurationIsVisible = 0;
			defaultConfigurationName = Release;
		};
		8A235120201E0AC4002715E0 /* Build configuration list for PBXNativeTarget "Yihaodar" */ = {
			isa = XCConfigurationList;
			buildConfigurations = (
				8A235121201E0AC4002715E0 /* Debug */,
				8A235122201E0AC4002715E0 /* Release */,
			);
			defaultConfigurationIsVisible = 0;
			defaultConfigurationName = Release;
		};
/* End XCConfigurationList section */
	};
	rootObject = 8A235106201E0AC4002715E0 /* Project object */;
}
