// !$*UTF8*$!
{
	archiveVersion = 1;
	classes = {
	};
	objectVersion = 48;
	objects = {

/* Begin PBXBuildFile section */
		46F437935764F76F385B8C48 /* Pods_CommonPods_YihaodarDev.framework in Frameworks */ = {isa = PBXBuildFile; fileRef = 4C11DAB82FCC913D2FA1FE06 /* Pods_CommonPods_YihaodarDev.framework */; };
		64BD20FEA7293BE6C36BA044 /* Pods_CommonPods_Yihaodar.framework in Frameworks */ = {isa = PBXBuildFile; fileRef = 2EF1F8DA5F5C42818A503C6C /* Pods_CommonPods_Yihaodar.framework */; };
		8A15BA93207F097B0066A5FF /* GLModelConvert.swift in Sources */ = {isa = PBXBuildFile; fileRef = 8A15BA92207F097B0066A5FF /* GLModelConvert.swift */; };
		8A15BA94207F097B0066A5FF /* GLModelConvert.swift in Sources */ = {isa = PBXBuildFile; fileRef = 8A15BA92207F097B0066A5FF /* GLModelConvert.swift */; };
		8A1DAB89202AB282001CBD0F /* UIColor+GLExtension.swift in Sources */ = {isa = PBXBuildFile; fileRef = 8A1DAB88202AB282001CBD0F /* UIColor+GLExtension.swift */; };
		8A1DAB90202AB43B001CBD0F /* GLLogin.storyboard in Resources */ = {isa = PBXBuildFile; fileRef = 8A1DAB8F202AB43B001CBD0F /* GLLogin.storyboard */; };
		8A1DAB92202AC3A8001CBD0F /* UIView+GLExtension.swift in Sources */ = {isa = PBXBuildFile; fileRef = 8A1DAB91202AC3A8001CBD0F /* UIView+GLExtension.swift */; };
		8A1DAB99202ACE04001CBD0F /* GLMe.storyboard in Resources */ = {isa = PBXBuildFile; fileRef = 8A1DAB98202ACE04001CBD0F /* GLMe.storyboard */; };
		8A1DAB9C202B002B001CBD0F /* GLTaskDetailViewController.swift in Sources */ = {isa = PBXBuildFile; fileRef = 8A1DAB9B202B002B001CBD0F /* GLTaskDetailViewController.swift */; };
		8A1DAB9E202B003F001CBD0F /* GLTaskDetail.storyboard in Resources */ = {isa = PBXBuildFile; fileRef = 8A1DAB9D202B003F001CBD0F /* GLTaskDetail.storyboard */; };
		8A235112201E0AC4002715E0 /* AppDelegate.swift in Sources */ = {isa = PBXBuildFile; fileRef = 8A235111201E0AC4002715E0 /* AppDelegate.swift */; };
		8A235119201E0AC4002715E0 /* Assets.xcassets in Resources */ = {isa = PBXBuildFile; fileRef = 8A235118201E0AC4002715E0 /* Assets.xcassets */; };
		8A24F7A6202F0E1200FDC669 /* GLSubmitMessageView.xib in Resources */ = {isa = PBXBuildFile; fileRef = 8A24F7A5202F0E1200FDC669 /* GLSubmitMessageView.xib */; };
		8A24F7A8202F314000FDC669 /* GLSubmitMessageView.swift in Sources */ = {isa = PBXBuildFile; fileRef = 8A24F7A7202F314000FDC669 /* GLSubmitMessageView.swift */; };
		8A24F7AA20329A6400FDC669 /* GLSearch.storyboard in Resources */ = {isa = PBXBuildFile; fileRef = 8A24F7A920329A6400FDC669 /* GLSearch.storyboard */; };
		8A357A7220858FB9004CF0CB /* GPStype.plist in Resources */ = {isa = PBXBuildFile; fileRef = 8A357A7120858FB9004CF0CB /* GPStype.plist */; };
		8A357A7320858FB9004CF0CB /* GPStype.plist in Resources */ = {isa = PBXBuildFile; fileRef = 8A357A7120858FB9004CF0CB /* GPStype.plist */; };
		8A357A782086E67C004CF0CB /* fangwuhuanjing.plist in Resources */ = {isa = PBXBuildFile; fileRef = 8A357A742086E67C004CF0CB /* fangwuhuanjing.plist */; };
		8A357A792086E67C004CF0CB /* fangwuhuanjing.plist in Resources */ = {isa = PBXBuildFile; fileRef = 8A357A742086E67C004CF0CB /* fangwuhuanjing.plist */; };
		8A357A7A2086E67C004CF0CB /* shifouyizhi.plist in Resources */ = {isa = PBXBuildFile; fileRef = 8A357A752086E67C004CF0CB /* shifouyizhi.plist */; };
		8A357A7B2086E67C004CF0CB /* shifouyizhi.plist in Resources */ = {isa = PBXBuildFile; fileRef = 8A357A752086E67C004CF0CB /* shifouyizhi.plist */; };
		8A357A7C2086E67C004CF0CB /* fangwuyongtu.plist in Resources */ = {isa = PBXBuildFile; fileRef = 8A357A762086E67C004CF0CB /* fangwuyongtu.plist */; };
		8A357A7D2086E67C004CF0CB /* fangwuyongtu.plist in Resources */ = {isa = PBXBuildFile; fileRef = 8A357A762086E67C004CF0CB /* fangwuyongtu.plist */; };
		8A357A7E2086E67C004CF0CB /* fangwulaiyuan.plist in Resources */ = {isa = PBXBuildFile; fileRef = 8A357A772086E67C004CF0CB /* fangwulaiyuan.plist */; };
		8A357A7F2086E67C004CF0CB /* fangwulaiyuan.plist in Resources */ = {isa = PBXBuildFile; fileRef = 8A357A772086E67C004CF0CB /* fangwulaiyuan.plist */; };
		8A362E5A2074D8F100B1E2C6 /* GLWorkTable.storyboard in Resources */ = {isa = PBXBuildFile; fileRef = 8A1DAB94202ACBA3001CBD0F /* GLWorkTable.storyboard */; };
		8A362E5B2074D8F800B1E2C6 /* Main.storyboard in Resources */ = {isa = PBXBuildFile; fileRef = 8A235115201E0AC4002715E0 /* Main.storyboard */; };
		8A362E5C2074D8F800B1E2C6 /* LaunchScreen.storyboard in Resources */ = {isa = PBXBuildFile; fileRef = 8A23511A201E0AC4002715E0 /* LaunchScreen.storyboard */; };
		8A362E5D2074D90B00B1E2C6 /* GLWorkTable.storyboard in Resources */ = {isa = PBXBuildFile; fileRef = 8A1DAB94202ACBA3001CBD0F /* GLWorkTable.storyboard */; };
		8A362E5E2074D90B00B1E2C6 /* Main.storyboard in Resources */ = {isa = PBXBuildFile; fileRef = 8A235115201E0AC4002715E0 /* Main.storyboard */; };
		8A362E5F2074D90B00B1E2C6 /* LaunchScreen.storyboard in Resources */ = {isa = PBXBuildFile; fileRef = 8A23511A201E0AC4002715E0 /* LaunchScreen.storyboard */; };
		8A3775E12033449700F921F8 /* GLRefreshFooter.swift in Sources */ = {isa = PBXBuildFile; fileRef = 8A3775E02033449700F921F8 /* GLRefreshFooter.swift */; };
		8A37F34D202BE9F2004FD467 /* GLSearchViewController.swift in Sources */ = {isa = PBXBuildFile; fileRef = 8A37F34C202BE9F2004FD467 /* GLSearchViewController.swift */; };
		8A37F34F202C2EAD004FD467 /* GLRefreshHeader.swift in Sources */ = {isa = PBXBuildFile; fileRef = 8A37F34E202C2EAD004FD467 /* GLRefreshHeader.swift */; };
		8A4832CF206B9B0A00BCD623 /* GLInstallGPS.storyboard in Resources */ = {isa = PBXBuildFile; fileRef = 8A4832CE206B9B0A00BCD623 /* GLInstallGPS.storyboard */; };
		8A4832D1206B9F2C00BCD623 /* GLInstallGPSViewController.swift in Sources */ = {isa = PBXBuildFile; fileRef = 8A4832D0206B9F2C00BCD623 /* GLInstallGPSViewController.swift */; };
		8A4982D82027F63A00EB4BEF /* GLConst.swift in Sources */ = {isa = PBXBuildFile; fileRef = 8A4982D72027F63A00EB4BEF /* GLConst.swift */; };
		8A4982DA20282BF200EB4BEF /* GLLoginViewController.swift in Sources */ = {isa = PBXBuildFile; fileRef = 8A4982D920282BF200EB4BEF /* GLLoginViewController.swift */; };
		8A4FCB21206B465C00869687 /* SpinerLayer.swift in Sources */ = {isa = PBXBuildFile; fileRef = 8A4FCB1C206B465C00869687 /* SpinerLayer.swift */; };
		8A4FCB22206B465C00869687 /* CGRectEx.swift in Sources */ = {isa = PBXBuildFile; fileRef = 8A4FCB1D206B465C00869687 /* CGRectEx.swift */; };
		8A4FCB23206B465C00869687 /* TransitionSubmitButton.swift in Sources */ = {isa = PBXBuildFile; fileRef = 8A4FCB1E206B465C00869687 /* TransitionSubmitButton.swift */; };
		8A4FCB24206B465C00869687 /* FadeTransition.swift in Sources */ = {isa = PBXBuildFile; fileRef = 8A4FCB1F206B465C00869687 /* FadeTransition.swift */; };
		8A4FCB25206B465C00869687 /* TimerEx.swift in Sources */ = {isa = PBXBuildFile; fileRef = 8A4FCB20206B465C00869687 /* TimerEx.swift */; };
		8A54560D204255290039D127 /* GLEstimateCarStateView.xib in Resources */ = {isa = PBXBuildFile; fileRef = 8A54560C204255290039D127 /* GLEstimateCarStateView.xib */; };
		8A54560F204255340039D127 /* GLEstimateCarStateView.swift in Sources */ = {isa = PBXBuildFile; fileRef = 8A54560E204255340039D127 /* GLEstimateCarStateView.swift */; };
		8A5456112042920E0039D127 /* GLMeViewController.swift in Sources */ = {isa = PBXBuildFile; fileRef = 8A5456102042920E0039D127 /* GLMeViewController.swift */; };
		8A5456132042A9850039D127 /* GLSubmitMessagePriceView.xib in Resources */ = {isa = PBXBuildFile; fileRef = 8A5456122042A9850039D127 /* GLSubmitMessagePriceView.xib */; };
		8A5456152042A9930039D127 /* GLSubmitMessagePriceView.swift in Sources */ = {isa = PBXBuildFile; fileRef = 8A5456142042A9930039D127 /* GLSubmitMessagePriceView.swift */; };
		8A5456172043A5100039D127 /* GLCarMessageViewController.swift in Sources */ = {isa = PBXBuildFile; fileRef = 8A5456162043A5100039D127 /* GLCarMessageViewController.swift */; };
		8A5456192043C8800039D127 /* GLCarConfigViewController.swift in Sources */ = {isa = PBXBuildFile; fileRef = 8A5456182043C8800039D127 /* GLCarConfigViewController.swift */; };
		8A54561B2043D1E70039D127 /* GLCarStateViewController.swift in Sources */ = {isa = PBXBuildFile; fileRef = 8A54561A2043D1E70039D127 /* GLCarStateViewController.swift */; };
		8A6587802021C97A0031DD3D /* GLWorkTableController.swift in Sources */ = {isa = PBXBuildFile; fileRef = 8A65877F2021C97A0031DD3D /* GLWorkTableController.swift */; };
		8A7D848C2041325800B5046C /* GLTaskDetailPrice.storyboard in Resources */ = {isa = PBXBuildFile; fileRef = 8A7D848B2041325800B5046C /* GLTaskDetailPrice.storyboard */; };
		8A7D848E2041329300B5046C /* GLTaskDetailPriceViewController.swift in Sources */ = {isa = PBXBuildFile; fileRef = 8A7D848D2041329300B5046C /* GLTaskDetailPriceViewController.swift */; };
		8A8BA2AF2074B8F2003F7421 /* Pods_CommonPods_Yihaodar.framework in Frameworks */ = {isa = PBXBuildFile; fileRef = 2EF1F8DA5F5C42818A503C6C /* Pods_CommonPods_Yihaodar.framework */; };
		8A8E614B20455D590068EA06 /* GLDatePicker.swift in Sources */ = {isa = PBXBuildFile; fileRef = 8A8E614A20455D590068EA06 /* GLDatePicker.swift */; };
		8A8E614D20466D800068EA06 /* GLService.swift in Sources */ = {isa = PBXBuildFile; fileRef = 8A8E614C20466D800068EA06 /* GLService.swift */; };
		8AA2E81F20A4570900A3A7CB /* GLGPSnoAuthorityView.xib in Resources */ = {isa = PBXBuildFile; fileRef = 8AA2E81E20A4570900A3A7CB /* GLGPSnoAuthorityView.xib */; };
		8AA2E82020A4570900A3A7CB /* GLGPSnoAuthorityView.xib in Resources */ = {isa = PBXBuildFile; fileRef = 8AA2E81E20A4570900A3A7CB /* GLGPSnoAuthorityView.xib */; };
		8AA2E82220A4572200A3A7CB /* GLGPSnoAuthorityView.swift in Sources */ = {isa = PBXBuildFile; fileRef = 8AA2E82120A4572200A3A7CB /* GLGPSnoAuthorityView.swift */; };
		8AA2E82320A4572200A3A7CB /* GLGPSnoAuthorityView.swift in Sources */ = {isa = PBXBuildFile; fileRef = 8AA2E82120A4572200A3A7CB /* GLGPSnoAuthorityView.swift */; };
		8AB74B17206E109D00F58BE5 /* GLPledge.storyboard in Resources */ = {isa = PBXBuildFile; fileRef = 8AB74B16206E109D00F58BE5 /* GLPledge.storyboard */; };
		8AB74B19206E10B100F58BE5 /* GLPledgeViewController.swift in Sources */ = {isa = PBXBuildFile; fileRef = 8AB74B18206E10B100F58BE5 /* GLPledgeViewController.swift */; };
		8AB994592067583D00EF21B5 /* GLTaskDetailGPS.storyboard in Resources */ = {isa = PBXBuildFile; fileRef = 8AB994582067583D00EF21B5 /* GLTaskDetailGPS.storyboard */; };
		8AB9945B2067585600EF21B5 /* GLTaskDetailGPSViewController.swift in Sources */ = {isa = PBXBuildFile; fileRef = 8AB9945A2067585600EF21B5 /* GLTaskDetailGPSViewController.swift */; };
		8AB9945D2067928200EF21B5 /* GLTaskDetailItemCell.xib in Resources */ = {isa = PBXBuildFile; fileRef = 8AB9945C2067928200EF21B5 /* GLTaskDetailItemCell.xib */; };
		8AB9945F2068B74400EF21B5 /* GLTaskDetailItemHeader.xib in Resources */ = {isa = PBXBuildFile; fileRef = 8AB9945E2068B74300EF21B5 /* GLTaskDetailItemHeader.xib */; };
		8AC76E68206BA3430000214F /* GLInstallDetailView.xib in Resources */ = {isa = PBXBuildFile; fileRef = 8AC76E67206BA3430000214F /* GLInstallDetailView.xib */; };
		8AC76E6A206BA3680000214F /* GLInstallDetailView.swift in Sources */ = {isa = PBXBuildFile; fileRef = 8AC76E69206BA3680000214F /* GLInstallDetailView.swift */; };
		8AC76E6E206C99940000214F /* ContentViewCell.swift in Sources */ = {isa = PBXBuildFile; fileRef = 8AC76E6C206C99940000214F /* ContentViewCell.swift */; };
		8AC76E6F206C99940000214F /* SheetView.swift in Sources */ = {isa = PBXBuildFile; fileRef = 8AC76E6D206C99940000214F /* SheetView.swift */; };
		8AD2E8702020795A008D32EA /* GLTabBarController.swift in Sources */ = {isa = PBXBuildFile; fileRef = 8AD2E86F2020795A008D32EA /* GLTabBarController.swift */; };
		8AD2E87220208366008D32EA /* GLNavigationController.swift in Sources */ = {isa = PBXBuildFile; fileRef = 8AD2E87120208366008D32EA /* GLNavigationController.swift */; };
		8AD5E0BF2043D42C00CB7CFF /* GLCarStateView.xib in Resources */ = {isa = PBXBuildFile; fileRef = 8AD5E0BE2043D42C00CB7CFF /* GLCarStateView.xib */; };
		8AD5E0C12043D43600CB7CFF /* GLCarStateView.swift in Sources */ = {isa = PBXBuildFile; fileRef = 8AD5E0C02043D43600CB7CFF /* GLCarStateView.swift */; };
		8AD5E0C32043FC0800CB7CFF /* GLUploadPictureViewController.swift in Sources */ = {isa = PBXBuildFile; fileRef = 8AD5E0C22043FC0800CB7CFF /* GLUploadPictureViewController.swift */; };
		8AD5E0C520440AD300CB7CFF /* GLEstimateResultViewController.swift in Sources */ = {isa = PBXBuildFile; fileRef = 8AD5E0C420440AD300CB7CFF /* GLEstimateResultViewController.swift */; };
		8AD5E0C82044208C00CB7CFF /* GLCheckBoxViewController.swift in Sources */ = {isa = PBXBuildFile; fileRef = 8AD5E0C72044208C00CB7CFF /* GLCheckBoxViewController.swift */; };
		8AD5E0CA204420B100CB7CFF /* GLCheckBox.storyboard in Resources */ = {isa = PBXBuildFile; fileRef = 8AD5E0C9204420B100CB7CFF /* GLCheckBox.storyboard */; };
		8AD5E0CC2044461B00CB7CFF /* biansuqi.plist in Resources */ = {isa = PBXBuildFile; fileRef = 8AD5E0CB2044461A00CB7CFF /* biansuqi.plist */; };
		8AD5E0CE2044468400CB7CFF /* qudongfangshi.plist in Resources */ = {isa = PBXBuildFile; fileRef = 8AD5E0CD2044468400CB7CFF /* qudongfangshi.plist */; };
		8AD5E0D0204446DF00CB7CFF /* youwu.plist in Resources */ = {isa = PBXBuildFile; fileRef = 8AD5E0CF204446DF00CB7CFF /* youwu.plist */; };
		8AD5E0D22044471800CB7CFF /* zuoyixingshi.plist in Resources */ = {isa = PBXBuildFile; fileRef = 8AD5E0D12044471800CB7CFF /* zuoyixingshi.plist */; };
		8AD5E0D4204447DD00CB7CFF /* ranyoufangshi.plist in Resources */ = {isa = PBXBuildFile; fileRef = 8AD5E0D3204447DD00CB7CFF /* ranyoufangshi.plist */; };
		8AD5E0D62044485F00CB7CFF /* tianchuang.plist in Resources */ = {isa = PBXBuildFile; fileRef = 8AD5E0D52044485F00CB7CFF /* tianchuang.plist */; };
		8AD5E0D8204448CC00CB7CFF /* kongtiaopeizhi.plist in Resources */ = {isa = PBXBuildFile; fileRef = 8AD5E0D7204448CC00CB7CFF /* kongtiaopeizhi.plist */; };
		8AD5E0DA204449B800CB7CFF /* qita.plist in Resources */ = {isa = PBXBuildFile; fileRef = 8AD5E0D9204449B800CB7CFF /* qita.plist */; };
		8AD5E0DC20444A8A00CB7CFF /* shigu.plist in Resources */ = {isa = PBXBuildFile; fileRef = 8AD5E0DB20444A8A00CB7CFF /* shigu.plist */; };
		8AD5E0DE20444B7300CB7CFF /* chegoujian.plist in Resources */ = {isa = PBXBuildFile; fileRef = 8AD5E0DD20444B7300CB7CFF /* chegoujian.plist */; };
		8AD5E0E020444BCB00CB7CFF /* fugaijian.plist in Resources */ = {isa = PBXBuildFile; fileRef = 8AD5E0DF20444BCB00CB7CFF /* fugaijian.plist */; };
		8AD5E0E220444CE000CB7CFF /* jiegoujian.plist in Resources */ = {isa = PBXBuildFile; fileRef = 8AD5E0E120444CE000CB7CFF /* jiegoujian.plist */; };
		8AD5E0E420444D8500CB7CFF /* miaoshu.plist in Resources */ = {isa = PBXBuildFile; fileRef = 8AD5E0E320444D8400CB7CFF /* miaoshu.plist */; };
		8ADBF9E620468B86009F2052 /* String+GLExtension.swift in Sources */ = {isa = PBXBuildFile; fileRef = 8ADBF9E520468B86009F2052 /* String+GLExtension.swift */; };
		8AE3E24A206DCF7700C95E1B /* GLUnderhouse.storyboard in Resources */ = {isa = PBXBuildFile; fileRef = 8AE3E249206DCF7700C95E1B /* GLUnderhouse.storyboard */; };
		8AE3E24C206DCF8D00C95E1B /* GLUnderhouseViewController.swift in Sources */ = {isa = PBXBuildFile; fileRef = 8AE3E24B206DCF8D00C95E1B /* GLUnderhouseViewController.swift */; };
		8AEEF1EE203482AE00F8F5E1 /* GLAddView.xib in Resources */ = {isa = PBXBuildFile; fileRef = 8AEEF1ED203482AE00F8F5E1 /* GLAddView.xib */; };
		8AEEF1F02035971000F8F5E1 /* GLAddView.swift in Sources */ = {isa = PBXBuildFile; fileRef = 8AEEF1EF2035971000F8F5E1 /* GLAddView.swift */; };
		8AEEF1F220366F3000F8F5E1 /* GLCreateCarEstimateViewController.swift in Sources */ = {isa = PBXBuildFile; fileRef = 8AEEF1F120366F3000F8F5E1 /* GLCreateCarEstimateViewController.swift */; };
		8AEEF1F420366F5600F8F5E1 /* GLCreateCarEstimate.storyboard in Resources */ = {isa = PBXBuildFile; fileRef = 8AEEF1F320366F5600F8F5E1 /* GLCreateCarEstimate.storyboard */; };
		8AEEF1F82037C20200F8F5E1 /* GLRadio.storyboard in Resources */ = {isa = PBXBuildFile; fileRef = 8AEEF1F72037C20200F8F5E1 /* GLRadio.storyboard */; };
		8AEEF1FA2037C41800F8F5E1 /* GLRadioViewController.swift in Sources */ = {isa = PBXBuildFile; fileRef = 8AEEF1F92037C41800F8F5E1 /* GLRadioViewController.swift */; };
		8AEEF200203FAF7700F8F5E1 /* GLSubmitLoadingView.xib in Resources */ = {isa = PBXBuildFile; fileRef = 8AEEF1FF203FAF7700F8F5E1 /* GLSubmitLoadingView.xib */; };
		8AEEF202203FB80D00F8F5E1 /* GLSubmitLoadingView.swift in Sources */ = {isa = PBXBuildFile; fileRef = 8AEEF201203FB80D00F8F5E1 /* GLSubmitLoadingView.swift */; };
		8AF1C4B72071C8F9009D6F7D /* GLApproveView.xib in Resources */ = {isa = PBXBuildFile; fileRef = 8AF1C4B62071C8F9009D6F7D /* GLApproveView.xib */; };
		8AF1C4B92071C909009D6F7D /* GLApproveView.swift in Sources */ = {isa = PBXBuildFile; fileRef = 8AF1C4B82071C909009D6F7D /* GLApproveView.swift */; };
		8AF1C4BB2071DB74009D6F7D /* GLTaskDetailTableViewPictureCell.xib in Resources */ = {isa = PBXBuildFile; fileRef = 8AF1C4BA2071DB74009D6F7D /* GLTaskDetailTableViewPictureCell.xib */; };
		8AF1C4BD20720C95009D6F7D /* GLTaskDetailPictureCell.xib in Resources */ = {isa = PBXBuildFile; fileRef = 8AF1C4BC20720C95009D6F7D /* GLTaskDetailPictureCell.xib */; };
		8AF1C4BF2073867A009D6F7D /* GLGPSComplete.storyboard in Resources */ = {isa = PBXBuildFile; fileRef = 8AF1C4BE2073867A009D6F7D /* GLGPSComplete.storyboard */; };
		8AF1C4C120738694009D6F7D /* GLGPSCompleteViewController.swift in Sources */ = {isa = PBXBuildFile; fileRef = 8AF1C4C020738694009D6F7D /* GLGPSCompleteViewController.swift */; };
		8AF90BBE20746850009DD32E /* GLTaskDetailGPSViewController.swift in Sources */ = {isa = PBXBuildFile; fileRef = 8AB9945A2067585600EF21B5 /* GLTaskDetailGPSViewController.swift */; };
		8AF90BBF20746850009DD32E /* GLCarStateView.swift in Sources */ = {isa = PBXBuildFile; fileRef = 8AD5E0C02043D43600CB7CFF /* GLCarStateView.swift */; };
		8AF90BC020746850009DD32E /* CGRectEx.swift in Sources */ = {isa = PBXBuildFile; fileRef = 8A4FCB1D206B465C00869687 /* CGRectEx.swift */; };
		8AF90BC120746850009DD32E /* GLTaskDetailViewController.swift in Sources */ = {isa = PBXBuildFile; fileRef = 8A1DAB9B202B002B001CBD0F /* GLTaskDetailViewController.swift */; };
		8AF90BC220746850009DD32E /* GLUnderhouseViewController.swift in Sources */ = {isa = PBXBuildFile; fileRef = 8AE3E24B206DCF8D00C95E1B /* GLUnderhouseViewController.swift */; };
		8AF90BC320746850009DD32E /* GLTaskDetailPriceViewController.swift in Sources */ = {isa = PBXBuildFile; fileRef = 8A7D848D2041329300B5046C /* GLTaskDetailPriceViewController.swift */; };
		8AF90BC420746850009DD32E /* UIColor+GLExtension.swift in Sources */ = {isa = PBXBuildFile; fileRef = 8A1DAB88202AB282001CBD0F /* UIColor+GLExtension.swift */; };
		8AF90BC520746850009DD32E /* GLGPSCompleteViewController.swift in Sources */ = {isa = PBXBuildFile; fileRef = 8AF1C4C020738694009D6F7D /* GLGPSCompleteViewController.swift */; };
		8AF90BC620746850009DD32E /* String+GLExtension.swift in Sources */ = {isa = PBXBuildFile; fileRef = 8ADBF9E520468B86009F2052 /* String+GLExtension.swift */; };
		8AF90BC720746850009DD32E /* GLWorkTableController.swift in Sources */ = {isa = PBXBuildFile; fileRef = 8A65877F2021C97A0031DD3D /* GLWorkTableController.swift */; };
		8AF90BC820746850009DD32E /* GLApproveView.swift in Sources */ = {isa = PBXBuildFile; fileRef = 8AF1C4B82071C909009D6F7D /* GLApproveView.swift */; };
		8AF90BC920746850009DD32E /* GLSearchViewController.swift in Sources */ = {isa = PBXBuildFile; fileRef = 8A37F34C202BE9F2004FD467 /* GLSearchViewController.swift */; };
		8AF90BCA20746850009DD32E /* GLRadioViewController.swift in Sources */ = {isa = PBXBuildFile; fileRef = 8AEEF1F92037C41800F8F5E1 /* GLRadioViewController.swift */; };
		8AF90BCB20746850009DD32E /* FadeTransition.swift in Sources */ = {isa = PBXBuildFile; fileRef = 8A4FCB1F206B465C00869687 /* FadeTransition.swift */; };
		8AF90BCC20746850009DD32E /* GLEstimateResultViewController.swift in Sources */ = {isa = PBXBuildFile; fileRef = 8AD5E0C420440AD300CB7CFF /* GLEstimateResultViewController.swift */; };
		8AF90BCD20746850009DD32E /* UIView+GLExtension.swift in Sources */ = {isa = PBXBuildFile; fileRef = 8A1DAB91202AC3A8001CBD0F /* UIView+GLExtension.swift */; };
		8AF90BCE20746850009DD32E /* TimerEx.swift in Sources */ = {isa = PBXBuildFile; fileRef = 8A4FCB20206B465C00869687 /* TimerEx.swift */; };
		8AF90BCF20746850009DD32E /* GLEstimateCarStateView.swift in Sources */ = {isa = PBXBuildFile; fileRef = 8A54560E204255340039D127 /* GLEstimateCarStateView.swift */; };
		8AF90BD020746850009DD32E /* GLSubmitMessagePriceView.swift in Sources */ = {isa = PBXBuildFile; fileRef = 8A5456142042A9930039D127 /* GLSubmitMessagePriceView.swift */; };
		8AF90BD120746850009DD32E /* GLCarConfigViewController.swift in Sources */ = {isa = PBXBuildFile; fileRef = 8A5456182043C8800039D127 /* GLCarConfigViewController.swift */; };
		8AF90BD220746850009DD32E /* GLCarStateViewController.swift in Sources */ = {isa = PBXBuildFile; fileRef = 8A54561A2043D1E70039D127 /* GLCarStateViewController.swift */; };
		8AF90BD320746850009DD32E /* GLMeViewController.swift in Sources */ = {isa = PBXBuildFile; fileRef = 8A5456102042920E0039D127 /* GLMeViewController.swift */; };
		8AF90BD420746850009DD32E /* GLConst.swift in Sources */ = {isa = PBXBuildFile; fileRef = 8A4982D72027F63A00EB4BEF /* GLConst.swift */; };
		8AF90BD520746850009DD32E /* GLUploadPictureViewController.swift in Sources */ = {isa = PBXBuildFile; fileRef = 8AD5E0C22043FC0800CB7CFF /* GLUploadPictureViewController.swift */; };
		8AF90BD620746850009DD32E /* TransitionSubmitButton.swift in Sources */ = {isa = PBXBuildFile; fileRef = 8A4FCB1E206B465C00869687 /* TransitionSubmitButton.swift */; };
		8AF90BD720746850009DD32E /* GLService.swift in Sources */ = {isa = PBXBuildFile; fileRef = 8A8E614C20466D800068EA06 /* GLService.swift */; };
		8AF90BD820746850009DD32E /* GLTabBarController.swift in Sources */ = {isa = PBXBuildFile; fileRef = 8AD2E86F2020795A008D32EA /* GLTabBarController.swift */; };
		8AF90BD920746850009DD32E /* GLDatePicker.swift in Sources */ = {isa = PBXBuildFile; fileRef = 8A8E614A20455D590068EA06 /* GLDatePicker.swift */; };
		8AF90BDA20746850009DD32E /* GLCheckBoxViewController.swift in Sources */ = {isa = PBXBuildFile; fileRef = 8AD5E0C72044208C00CB7CFF /* GLCheckBoxViewController.swift */; };
		8AF90BDB20746850009DD32E /* GLInstallGPSViewController.swift in Sources */ = {isa = PBXBuildFile; fileRef = 8A4832D0206B9F2C00BCD623 /* GLInstallGPSViewController.swift */; };
		8AF90BDC20746850009DD32E /* GLLoginViewController.swift in Sources */ = {isa = PBXBuildFile; fileRef = 8A4982D920282BF200EB4BEF /* GLLoginViewController.swift */; };
		8AF90BDD20746850009DD32E /* GLRefreshFooter.swift in Sources */ = {isa = PBXBuildFile; fileRef = 8A3775E02033449700F921F8 /* GLRefreshFooter.swift */; };
		8AF90BDE20746850009DD32E /* GLCreateCarEstimateViewController.swift in Sources */ = {isa = PBXBuildFile; fileRef = 8AEEF1F120366F3000F8F5E1 /* GLCreateCarEstimateViewController.swift */; };
		8AF90BDF20746850009DD32E /* ContentViewCell.swift in Sources */ = {isa = PBXBuildFile; fileRef = 8AC76E6C206C99940000214F /* ContentViewCell.swift */; };
		8AF90BE020746850009DD32E /* SheetView.swift in Sources */ = {isa = PBXBuildFile; fileRef = 8AC76E6D206C99940000214F /* SheetView.swift */; };
		8AF90BE120746850009DD32E /* GLPledgeViewController.swift in Sources */ = {isa = PBXBuildFile; fileRef = 8AB74B18206E10B100F58BE5 /* GLPledgeViewController.swift */; };
		8AF90BE220746850009DD32E /* GLAddView.swift in Sources */ = {isa = PBXBuildFile; fileRef = 8AEEF1EF2035971000F8F5E1 /* GLAddView.swift */; };
		8AF90BE320746850009DD32E /* GLRefreshHeader.swift in Sources */ = {isa = PBXBuildFile; fileRef = 8A37F34E202C2EAD004FD467 /* GLRefreshHeader.swift */; };
		8AF90BE420746850009DD32E /* GLInstallDetailView.swift in Sources */ = {isa = PBXBuildFile; fileRef = 8AC76E69206BA3680000214F /* GLInstallDetailView.swift */; };
		8AF90BE520746850009DD32E /* GLSubmitLoadingView.swift in Sources */ = {isa = PBXBuildFile; fileRef = 8AEEF201203FB80D00F8F5E1 /* GLSubmitLoadingView.swift */; };
		8AF90BE620746850009DD32E /* SpinerLayer.swift in Sources */ = {isa = PBXBuildFile; fileRef = 8A4FCB1C206B465C00869687 /* SpinerLayer.swift */; };
		8AF90BE720746850009DD32E /* GLSubmitMessageView.swift in Sources */ = {isa = PBXBuildFile; fileRef = 8A24F7A7202F314000FDC669 /* GLSubmitMessageView.swift */; };
		8AF90BE820746850009DD32E /* GLCarMessageViewController.swift in Sources */ = {isa = PBXBuildFile; fileRef = 8A5456162043A5100039D127 /* GLCarMessageViewController.swift */; };
		8AF90BE920746850009DD32E /* AppDelegate.swift in Sources */ = {isa = PBXBuildFile; fileRef = 8A235111201E0AC4002715E0 /* AppDelegate.swift */; };
		8AF90BEA20746850009DD32E /* GLNavigationController.swift in Sources */ = {isa = PBXBuildFile; fileRef = 8AD2E87120208366008D32EA /* GLNavigationController.swift */; };
		8AF90BEE20746850009DD32E /* GLTaskDetailPictureCell.xib in Resources */ = {isa = PBXBuildFile; fileRef = 8AF1C4BC20720C95009D6F7D /* GLTaskDetailPictureCell.xib */; };
		8AF90BEF20746850009DD32E /* shigu.plist in Resources */ = {isa = PBXBuildFile; fileRef = 8AD5E0DB20444A8A00CB7CFF /* shigu.plist */; };
		8AF90BF020746850009DD32E /* GLApproveView.xib in Resources */ = {isa = PBXBuildFile; fileRef = 8AF1C4B62071C8F9009D6F7D /* GLApproveView.xib */; };
		8AF90BF220746850009DD32E /* GLLogin.storyboard in Resources */ = {isa = PBXBuildFile; fileRef = 8A1DAB8F202AB43B001CBD0F /* GLLogin.storyboard */; };
		8AF90BF320746850009DD32E /* GLCheckBox.storyboard in Resources */ = {isa = PBXBuildFile; fileRef = 8AD5E0C9204420B100CB7CFF /* GLCheckBox.storyboard */; };
		8AF90BF420746850009DD32E /* GLTaskDetailTableViewPictureCell.xib in Resources */ = {isa = PBXBuildFile; fileRef = 8AF1C4BA2071DB74009D6F7D /* GLTaskDetailTableViewPictureCell.xib */; };
		8AF90BF520746850009DD32E /* qita.plist in Resources */ = {isa = PBXBuildFile; fileRef = 8AD5E0D9204449B800CB7CFF /* qita.plist */; };
		8AF90BF620746850009DD32E /* youwu.plist in Resources */ = {isa = PBXBuildFile; fileRef = 8AD5E0CF204446DF00CB7CFF /* youwu.plist */; };
		8AF90BF720746850009DD32E /* GLRadio.storyboard in Resources */ = {isa = PBXBuildFile; fileRef = 8AEEF1F72037C20200F8F5E1 /* GLRadio.storyboard */; };
		8AF90BF820746850009DD32E /* GLAddView.xib in Resources */ = {isa = PBXBuildFile; fileRef = 8AEEF1ED203482AE00F8F5E1 /* GLAddView.xib */; };
		8AF90BF920746850009DD32E /* GLEstimateCarStateView.xib in Resources */ = {isa = PBXBuildFile; fileRef = 8A54560C204255290039D127 /* GLEstimateCarStateView.xib */; };
		8AF90BFA20746850009DD32E /* ranyoufangshi.plist in Resources */ = {isa = PBXBuildFile; fileRef = 8AD5E0D3204447DD00CB7CFF /* ranyoufangshi.plist */; };
		8AF90BFB20746850009DD32E /* GLPledge.storyboard in Resources */ = {isa = PBXBuildFile; fileRef = 8AB74B16206E109D00F58BE5 /* GLPledge.storyboard */; };
		8AF90BFC20746850009DD32E /* GLSubmitMessageView.xib in Resources */ = {isa = PBXBuildFile; fileRef = 8A24F7A5202F0E1200FDC669 /* GLSubmitMessageView.xib */; };
		8AF90BFD20746850009DD32E /* GLSearch.storyboard in Resources */ = {isa = PBXBuildFile; fileRef = 8A24F7A920329A6400FDC669 /* GLSearch.storyboard */; };
		8AF90BFE20746850009DD32E /* Assets.xcassets in Resources */ = {isa = PBXBuildFile; fileRef = 8A235118201E0AC4002715E0 /* Assets.xcassets */; };
		8AF90BFF20746850009DD32E /* GLTaskDetailItemCell.xib in Resources */ = {isa = PBXBuildFile; fileRef = 8AB9945C2067928200EF21B5 /* GLTaskDetailItemCell.xib */; };
		8AF90C0020746850009DD32E /* GLSubmitLoadingView.xib in Resources */ = {isa = PBXBuildFile; fileRef = 8AEEF1FF203FAF7700F8F5E1 /* GLSubmitLoadingView.xib */; };
		8AF90C0120746850009DD32E /* jiegoujian.plist in Resources */ = {isa = PBXBuildFile; fileRef = 8AD5E0E120444CE000CB7CFF /* jiegoujian.plist */; };
		8AF90C0220746850009DD32E /* chegoujian.plist in Resources */ = {isa = PBXBuildFile; fileRef = 8AD5E0DD20444B7300CB7CFF /* chegoujian.plist */; };
		8AF90C0320746850009DD32E /* qudongfangshi.plist in Resources */ = {isa = PBXBuildFile; fileRef = 8AD5E0CD2044468400CB7CFF /* qudongfangshi.plist */; };
		8AF90C0420746850009DD32E /* kongtiaopeizhi.plist in Resources */ = {isa = PBXBuildFile; fileRef = 8AD5E0D7204448CC00CB7CFF /* kongtiaopeizhi.plist */; };
		8AF90C0620746850009DD32E /* GLInstallDetailView.xib in Resources */ = {isa = PBXBuildFile; fileRef = 8AC76E67206BA3430000214F /* GLInstallDetailView.xib */; };
		8AF90C0720746850009DD32E /* zuoyixingshi.plist in Resources */ = {isa = PBXBuildFile; fileRef = 8AD5E0D12044471800CB7CFF /* zuoyixingshi.plist */; };
		8AF90C0820746850009DD32E /* GLTaskDetailGPS.storyboard in Resources */ = {isa = PBXBuildFile; fileRef = 8AB994582067583D00EF21B5 /* GLTaskDetailGPS.storyboard */; };
		8AF90C0920746850009DD32E /* biansuqi.plist in Resources */ = {isa = PBXBuildFile; fileRef = 8AD5E0CB2044461A00CB7CFF /* biansuqi.plist */; };
		8AF90C0A20746850009DD32E /* GLTaskDetail.storyboard in Resources */ = {isa = PBXBuildFile; fileRef = 8A1DAB9D202B003F001CBD0F /* GLTaskDetail.storyboard */; };
		8AF90C0B20746850009DD32E /* GLInstallGPS.storyboard in Resources */ = {isa = PBXBuildFile; fileRef = 8A4832CE206B9B0A00BCD623 /* GLInstallGPS.storyboard */; };
		8AF90C0C20746850009DD32E /* fugaijian.plist in Resources */ = {isa = PBXBuildFile; fileRef = 8AD5E0DF20444BCB00CB7CFF /* fugaijian.plist */; };
		8AF90C0D20746850009DD32E /* GLTaskDetailPrice.storyboard in Resources */ = {isa = PBXBuildFile; fileRef = 8A7D848B2041325800B5046C /* GLTaskDetailPrice.storyboard */; };
		8AF90C0E20746850009DD32E /* GLCarStateView.xib in Resources */ = {isa = PBXBuildFile; fileRef = 8AD5E0BE2043D42C00CB7CFF /* GLCarStateView.xib */; };
		8AF90C0F20746850009DD32E /* GLUnderhouse.storyboard in Resources */ = {isa = PBXBuildFile; fileRef = 8AE3E249206DCF7700C95E1B /* GLUnderhouse.storyboard */; };
		8AF90C1020746850009DD32E /* tianchuang.plist in Resources */ = {isa = PBXBuildFile; fileRef = 8AD5E0D52044485F00CB7CFF /* tianchuang.plist */; };
		8AF90C1220746850009DD32E /* GLSubmitMessagePriceView.xib in Resources */ = {isa = PBXBuildFile; fileRef = 8A5456122042A9850039D127 /* GLSubmitMessagePriceView.xib */; };
		8AF90C1320746850009DD32E /* GLTaskDetailItemHeader.xib in Resources */ = {isa = PBXBuildFile; fileRef = 8AB9945E2068B74300EF21B5 /* GLTaskDetailItemHeader.xib */; };
		8AF90C1420746850009DD32E /* miaoshu.plist in Resources */ = {isa = PBXBuildFile; fileRef = 8AD5E0E320444D8400CB7CFF /* miaoshu.plist */; };
		8AF90C1520746850009DD32E /* GLMe.storyboard in Resources */ = {isa = PBXBuildFile; fileRef = 8A1DAB98202ACE04001CBD0F /* GLMe.storyboard */; };
		8AF90C1620746850009DD32E /* GLCreateCarEstimate.storyboard in Resources */ = {isa = PBXBuildFile; fileRef = 8AEEF1F320366F5600F8F5E1 /* GLCreateCarEstimate.storyboard */; };
		8AF90C1720746850009DD32E /* GLGPSComplete.storyboard in Resources */ = {isa = PBXBuildFile; fileRef = 8AF1C4BE2073867A009D6F7D /* GLGPSComplete.storyboard */; };
		8AF90C20207469D2009DD32E /* YihaodarDev-Info.plist in Resources */ = {isa = PBXBuildFile; fileRef = 8AF90C1F207469D1009DD32E /* YihaodarDev-Info.plist */; };
/* End PBXBuildFile section */

/* Begin PBXFileReference section */
		2EF1F8DA5F5C42818A503C6C /* Pods_CommonPods_Yihaodar.framework */ = {isa = PBXFileReference; explicitFileType = wrapper.framework; includeInIndex = 0; path = Pods_CommonPods_Yihaodar.framework; sourceTree = BUILT_PRODUCTS_DIR; };
		345B0B2259BEFB9AEECD9CD0 /* Pods_Yihaodar.framework */ = {isa = PBXFileReference; explicitFileType = wrapper.framework; includeInIndex = 0; path = Pods_Yihaodar.framework; sourceTree = BUILT_PRODUCTS_DIR; };
		4C11DAB82FCC913D2FA1FE06 /* Pods_CommonPods_YihaodarDev.framework */ = {isa = PBXFileReference; explicitFileType = wrapper.framework; includeInIndex = 0; path = Pods_CommonPods_YihaodarDev.framework; sourceTree = BUILT_PRODUCTS_DIR; };
		6CAC3B8953C87BFDB1EC0DF1 /* Pods-CommonPods-Yihaodar.release.xcconfig */ = {isa = PBXFileReference; includeInIndex = 1; lastKnownFileType = text.xcconfig; name = "Pods-CommonPods-Yihaodar.release.xcconfig"; path = "Pods/Target Support Files/Pods-CommonPods-Yihaodar/Pods-CommonPods-Yihaodar.release.xcconfig"; sourceTree = "<group>"; };
		8A15BA92207F097B0066A5FF /* GLModelConvert.swift */ = {isa = PBXFileReference; lastKnownFileType = sourcecode.swift; path = GLModelConvert.swift; sourceTree = "<group>"; };
		8A1DAB88202AB282001CBD0F /* UIColor+GLExtension.swift */ = {isa = PBXFileReference; lastKnownFileType = sourcecode.swift; path = "UIColor+GLExtension.swift"; sourceTree = "<group>"; };
		8A1DAB8F202AB43B001CBD0F /* GLLogin.storyboard */ = {isa = PBXFileReference; lastKnownFileType = file.storyboard; path = GLLogin.storyboard; sourceTree = "<group>"; };
		8A1DAB91202AC3A8001CBD0F /* UIView+GLExtension.swift */ = {isa = PBXFileReference; lastKnownFileType = sourcecode.swift; path = "UIView+GLExtension.swift"; sourceTree = "<group>"; };
		8A1DAB95202ACBA3001CBD0F /* Base */ = {isa = PBXFileReference; lastKnownFileType = file.storyboard; name = Base; path = Yihaodar/Base.lproj/GLWorkTable.storyboard; sourceTree = SOURCE_ROOT; };
		8A1DAB98202ACE04001CBD0F /* GLMe.storyboard */ = {isa = PBXFileReference; fileEncoding = 4; lastKnownFileType = file.storyboard; path = GLMe.storyboard; sourceTree = "<group>"; };
		8A1DAB9B202B002B001CBD0F /* GLTaskDetailViewController.swift */ = {isa = PBXFileReference; lastKnownFileType = sourcecode.swift; path = GLTaskDetailViewController.swift; sourceTree = "<group>"; };
		8A1DAB9D202B003F001CBD0F /* GLTaskDetail.storyboard */ = {isa = PBXFileReference; lastKnownFileType = file.storyboard; path = GLTaskDetail.storyboard; sourceTree = "<group>"; };
		8A23510E201E0AC4002715E0 /* Yihaodar.app */ = {isa = PBXFileReference; explicitFileType = wrapper.application; includeInIndex = 0; path = Yihaodar.app; sourceTree = BUILT_PRODUCTS_DIR; };
		8A235111201E0AC4002715E0 /* AppDelegate.swift */ = {isa = PBXFileReference; lastKnownFileType = sourcecode.swift; path = AppDelegate.swift; sourceTree = "<group>"; };
		8A235116201E0AC4002715E0 /* Base */ = {isa = PBXFileReference; lastKnownFileType = file.storyboard; name = Base; path = Base.lproj/Main.storyboard; sourceTree = "<group>"; };
		8A235118201E0AC4002715E0 /* Assets.xcassets */ = {isa = PBXFileReference; lastKnownFileType = folder.assetcatalog; path = Assets.xcassets; sourceTree = "<group>"; };
		8A23511B201E0AC4002715E0 /* Base */ = {isa = PBXFileReference; lastKnownFileType = file.storyboard; name = Base; path = Base.lproj/LaunchScreen.storyboard; sourceTree = "<group>"; };
		8A23511D201E0AC4002715E0 /* Info.plist */ = {isa = PBXFileReference; lastKnownFileType = text.plist.xml; path = Info.plist; sourceTree = "<group>"; };
		8A24F7A1202DB5C000FDC669 /* Yihaodar-Bridging-Header.h */ = {isa = PBXFileReference; lastKnownFileType = sourcecode.c.h; path = "Yihaodar-Bridging-Header.h"; sourceTree = "<group>"; };
		8A24F7A5202F0E1200FDC669 /* GLSubmitMessageView.xib */ = {isa = PBXFileReference; lastKnownFileType = file.xib; path = GLSubmitMessageView.xib; sourceTree = "<group>"; };
		8A24F7A7202F314000FDC669 /* GLSubmitMessageView.swift */ = {isa = PBXFileReference; lastKnownFileType = sourcecode.swift; path = GLSubmitMessageView.swift; sourceTree = "<group>"; };
		8A24F7A920329A6400FDC669 /* GLSearch.storyboard */ = {isa = PBXFileReference; lastKnownFileType = file.storyboard; path = GLSearch.storyboard; sourceTree = "<group>"; };
		8A357A7120858FB9004CF0CB /* GPStype.plist */ = {isa = PBXFileReference; fileEncoding = 4; lastKnownFileType = text.plist.xml; path = GPStype.plist; sourceTree = "<group>"; };
		8A357A742086E67C004CF0CB /* fangwuhuanjing.plist */ = {isa = PBXFileReference; fileEncoding = 4; lastKnownFileType = text.plist.xml; path = fangwuhuanjing.plist; sourceTree = "<group>"; };
		8A357A752086E67C004CF0CB /* shifouyizhi.plist */ = {isa = PBXFileReference; fileEncoding = 4; lastKnownFileType = text.plist.xml; path = shifouyizhi.plist; sourceTree = "<group>"; };
		8A357A762086E67C004CF0CB /* fangwuyongtu.plist */ = {isa = PBXFileReference; fileEncoding = 4; lastKnownFileType = text.plist.xml; path = fangwuyongtu.plist; sourceTree = "<group>"; };
		8A357A772086E67C004CF0CB /* fangwulaiyuan.plist */ = {isa = PBXFileReference; fileEncoding = 4; lastKnownFileType = text.plist.xml; path = fangwulaiyuan.plist; sourceTree = "<group>"; };
		8A3775E02033449700F921F8 /* GLRefreshFooter.swift */ = {isa = PBXFileReference; lastKnownFileType = sourcecode.swift; path = GLRefreshFooter.swift; sourceTree = "<group>"; };
		8A37F34C202BE9F2004FD467 /* GLSearchViewController.swift */ = {isa = PBXFileReference; lastKnownFileType = sourcecode.swift; path = GLSearchViewController.swift; sourceTree = "<group>"; };
		8A37F34E202C2EAD004FD467 /* GLRefreshHeader.swift */ = {isa = PBXFileReference; lastKnownFileType = sourcecode.swift; path = GLRefreshHeader.swift; sourceTree = "<group>"; };
		8A4832CE206B9B0A00BCD623 /* GLInstallGPS.storyboard */ = {isa = PBXFileReference; lastKnownFileType = file.storyboard; path = GLInstallGPS.storyboard; sourceTree = "<group>"; };
		8A4832D0206B9F2C00BCD623 /* GLInstallGPSViewController.swift */ = {isa = PBXFileReference; lastKnownFileType = sourcecode.swift; path = GLInstallGPSViewController.swift; sourceTree = "<group>"; };
		8A4982D72027F63A00EB4BEF /* GLConst.swift */ = {isa = PBXFileReference; lastKnownFileType = sourcecode.swift; path = GLConst.swift; sourceTree = "<group>"; };
		8A4982D920282BF200EB4BEF /* GLLoginViewController.swift */ = {isa = PBXFileReference; lastKnownFileType = sourcecode.swift; path = GLLoginViewController.swift; sourceTree = "<group>"; };
		8A4FCB1C206B465C00869687 /* SpinerLayer.swift */ = {isa = PBXFileReference; fileEncoding = 4; lastKnownFileType = sourcecode.swift; path = SpinerLayer.swift; sourceTree = "<group>"; };
		8A4FCB1D206B465C00869687 /* CGRectEx.swift */ = {isa = PBXFileReference; fileEncoding = 4; lastKnownFileType = sourcecode.swift; path = CGRectEx.swift; sourceTree = "<group>"; };
		8A4FCB1E206B465C00869687 /* TransitionSubmitButton.swift */ = {isa = PBXFileReference; fileEncoding = 4; lastKnownFileType = sourcecode.swift; path = TransitionSubmitButton.swift; sourceTree = "<group>"; };
		8A4FCB1F206B465C00869687 /* FadeTransition.swift */ = {isa = PBXFileReference; fileEncoding = 4; lastKnownFileType = sourcecode.swift; path = FadeTransition.swift; sourceTree = "<group>"; };
		8A4FCB20206B465C00869687 /* TimerEx.swift */ = {isa = PBXFileReference; fileEncoding = 4; lastKnownFileType = sourcecode.swift; path = TimerEx.swift; sourceTree = "<group>"; };
		8A54560C204255290039D127 /* GLEstimateCarStateView.xib */ = {isa = PBXFileReference; lastKnownFileType = file.xib; path = GLEstimateCarStateView.xib; sourceTree = "<group>"; };
		8A54560E204255340039D127 /* GLEstimateCarStateView.swift */ = {isa = PBXFileReference; lastKnownFileType = sourcecode.swift; path = GLEstimateCarStateView.swift; sourceTree = "<group>"; };
		8A5456102042920E0039D127 /* GLMeViewController.swift */ = {isa = PBXFileReference; lastKnownFileType = sourcecode.swift; path = GLMeViewController.swift; sourceTree = "<group>"; };
		8A5456122042A9850039D127 /* GLSubmitMessagePriceView.xib */ = {isa = PBXFileReference; lastKnownFileType = file.xib; path = GLSubmitMessagePriceView.xib; sourceTree = "<group>"; };
		8A5456142042A9930039D127 /* GLSubmitMessagePriceView.swift */ = {isa = PBXFileReference; lastKnownFileType = sourcecode.swift; path = GLSubmitMessagePriceView.swift; sourceTree = "<group>"; };
		8A5456162043A5100039D127 /* GLCarMessageViewController.swift */ = {isa = PBXFileReference; lastKnownFileType = sourcecode.swift; path = GLCarMessageViewController.swift; sourceTree = "<group>"; };
		8A5456182043C8800039D127 /* GLCarConfigViewController.swift */ = {isa = PBXFileReference; lastKnownFileType = sourcecode.swift; path = GLCarConfigViewController.swift; sourceTree = "<group>"; };
		8A54561A2043D1E70039D127 /* GLCarStateViewController.swift */ = {isa = PBXFileReference; lastKnownFileType = sourcecode.swift; path = GLCarStateViewController.swift; sourceTree = "<group>"; };
		8A65877F2021C97A0031DD3D /* GLWorkTableController.swift */ = {isa = PBXFileReference; lastKnownFileType = sourcecode.swift; path = GLWorkTableController.swift; sourceTree = "<group>"; };
		8A7D848B2041325800B5046C /* GLTaskDetailPrice.storyboard */ = {isa = PBXFileReference; lastKnownFileType = file.storyboard; path = GLTaskDetailPrice.storyboard; sourceTree = "<group>"; };
		8A7D848D2041329300B5046C /* GLTaskDetailPriceViewController.swift */ = {isa = PBXFileReference; lastKnownFileType = sourcecode.swift; path = GLTaskDetailPriceViewController.swift; sourceTree = "<group>"; };
		8A8E614A20455D590068EA06 /* GLDatePicker.swift */ = {isa = PBXFileReference; lastKnownFileType = sourcecode.swift; path = GLDatePicker.swift; sourceTree = "<group>"; };
		8A8E614C20466D800068EA06 /* GLService.swift */ = {isa = PBXFileReference; lastKnownFileType = sourcecode.swift; path = GLService.swift; sourceTree = "<group>"; };
		8AA2E81E20A4570900A3A7CB /* GLGPSnoAuthorityView.xib */ = {isa = PBXFileReference; lastKnownFileType = file.xib; path = GLGPSnoAuthorityView.xib; sourceTree = "<group>"; };
		8AA2E82120A4572200A3A7CB /* GLGPSnoAuthorityView.swift */ = {isa = PBXFileReference; lastKnownFileType = sourcecode.swift; path = GLGPSnoAuthorityView.swift; sourceTree = "<group>"; };
		8AB200E1205618DE00AE43A3 /* Yihaodar.entitlements */ = {isa = PBXFileReference; lastKnownFileType = text.plist.entitlements; path = Yihaodar.entitlements; sourceTree = "<group>"; };
		8AB74B16206E109D00F58BE5 /* GLPledge.storyboard */ = {isa = PBXFileReference; lastKnownFileType = file.storyboard; path = GLPledge.storyboard; sourceTree = "<group>"; };
		8AB74B18206E10B100F58BE5 /* GLPledgeViewController.swift */ = {isa = PBXFileReference; lastKnownFileType = sourcecode.swift; path = GLPledgeViewController.swift; sourceTree = "<group>"; };
		8AB994582067583D00EF21B5 /* GLTaskDetailGPS.storyboard */ = {isa = PBXFileReference; lastKnownFileType = file.storyboard; path = GLTaskDetailGPS.storyboard; sourceTree = "<group>"; };
		8AB9945A2067585600EF21B5 /* GLTaskDetailGPSViewController.swift */ = {isa = PBXFileReference; lastKnownFileType = sourcecode.swift; path = GLTaskDetailGPSViewController.swift; sourceTree = "<group>"; };
		8AB9945C2067928200EF21B5 /* GLTaskDetailItemCell.xib */ = {isa = PBXFileReference; lastKnownFileType = file.xib; path = GLTaskDetailItemCell.xib; sourceTree = "<group>"; };
		8AB9945E2068B74300EF21B5 /* GLTaskDetailItemHeader.xib */ = {isa = PBXFileReference; lastKnownFileType = file.xib; path = GLTaskDetailItemHeader.xib; sourceTree = "<group>"; };
		8AC76E67206BA3430000214F /* GLInstallDetailView.xib */ = {isa = PBXFileReference; lastKnownFileType = file.xib; path = GLInstallDetailView.xib; sourceTree = "<group>"; };
		8AC76E69206BA3680000214F /* GLInstallDetailView.swift */ = {isa = PBXFileReference; lastKnownFileType = sourcecode.swift; path = GLInstallDetailView.swift; sourceTree = "<group>"; };
		8AC76E6C206C99940000214F /* ContentViewCell.swift */ = {isa = PBXFileReference; fileEncoding = 4; lastKnownFileType = sourcecode.swift; path = ContentViewCell.swift; sourceTree = "<group>"; };
		8AC76E6D206C99940000214F /* SheetView.swift */ = {isa = PBXFileReference; fileEncoding = 4; lastKnownFileType = sourcecode.swift; path = SheetView.swift; sourceTree = "<group>"; };
		8AD2E86F2020795A008D32EA /* GLTabBarController.swift */ = {isa = PBXFileReference; lastKnownFileType = sourcecode.swift; path = GLTabBarController.swift; sourceTree = "<group>"; };
		8AD2E87120208366008D32EA /* GLNavigationController.swift */ = {isa = PBXFileReference; lastKnownFileType = sourcecode.swift; path = GLNavigationController.swift; sourceTree = "<group>"; };
		8AD5E0BE2043D42C00CB7CFF /* GLCarStateView.xib */ = {isa = PBXFileReference; lastKnownFileType = file.xib; path = GLCarStateView.xib; sourceTree = "<group>"; };
		8AD5E0C02043D43600CB7CFF /* GLCarStateView.swift */ = {isa = PBXFileReference; lastKnownFileType = sourcecode.swift; path = GLCarStateView.swift; sourceTree = "<group>"; };
		8AD5E0C22043FC0800CB7CFF /* GLUploadPictureViewController.swift */ = {isa = PBXFileReference; lastKnownFileType = sourcecode.swift; path = GLUploadPictureViewController.swift; sourceTree = "<group>"; };
		8AD5E0C420440AD300CB7CFF /* GLEstimateResultViewController.swift */ = {isa = PBXFileReference; lastKnownFileType = sourcecode.swift; path = GLEstimateResultViewController.swift; sourceTree = "<group>"; };
		8AD5E0C72044208C00CB7CFF /* GLCheckBoxViewController.swift */ = {isa = PBXFileReference; lastKnownFileType = sourcecode.swift; path = GLCheckBoxViewController.swift; sourceTree = "<group>"; };
		8AD5E0C9204420B100CB7CFF /* GLCheckBox.storyboard */ = {isa = PBXFileReference; lastKnownFileType = file.storyboard; path = GLCheckBox.storyboard; sourceTree = "<group>"; };
		8AD5E0CB2044461A00CB7CFF /* biansuqi.plist */ = {isa = PBXFileReference; fileEncoding = 4; lastKnownFileType = text.plist.xml; path = biansuqi.plist; sourceTree = "<group>"; };
		8AD5E0CD2044468400CB7CFF /* qudongfangshi.plist */ = {isa = PBXFileReference; fileEncoding = 4; lastKnownFileType = text.plist.xml; path = qudongfangshi.plist; sourceTree = "<group>"; };
		8AD5E0CF204446DF00CB7CFF /* youwu.plist */ = {isa = PBXFileReference; fileEncoding = 4; lastKnownFileType = text.plist.xml; path = youwu.plist; sourceTree = "<group>"; };
		8AD5E0D12044471800CB7CFF /* zuoyixingshi.plist */ = {isa = PBXFileReference; fileEncoding = 4; lastKnownFileType = text.plist.xml; path = zuoyixingshi.plist; sourceTree = "<group>"; };
		8AD5E0D3204447DD00CB7CFF /* ranyoufangshi.plist */ = {isa = PBXFileReference; fileEncoding = 4; lastKnownFileType = text.plist.xml; path = ranyoufangshi.plist; sourceTree = "<group>"; };
		8AD5E0D52044485F00CB7CFF /* tianchuang.plist */ = {isa = PBXFileReference; fileEncoding = 4; lastKnownFileType = text.plist.xml; path = tianchuang.plist; sourceTree = "<group>"; };
		8AD5E0D7204448CC00CB7CFF /* kongtiaopeizhi.plist */ = {isa = PBXFileReference; fileEncoding = 4; lastKnownFileType = text.plist.xml; path = kongtiaopeizhi.plist; sourceTree = "<group>"; };
		8AD5E0D9204449B800CB7CFF /* qita.plist */ = {isa = PBXFileReference; fileEncoding = 4; lastKnownFileType = text.plist.xml; path = qita.plist; sourceTree = "<group>"; };
		8AD5E0DB20444A8A00CB7CFF /* shigu.plist */ = {isa = PBXFileReference; fileEncoding = 4; lastKnownFileType = text.plist.xml; path = shigu.plist; sourceTree = "<group>"; };
		8AD5E0DD20444B7300CB7CFF /* chegoujian.plist */ = {isa = PBXFileReference; fileEncoding = 4; lastKnownFileType = text.plist.xml; path = chegoujian.plist; sourceTree = "<group>"; };
		8AD5E0DF20444BCB00CB7CFF /* fugaijian.plist */ = {isa = PBXFileReference; fileEncoding = 4; lastKnownFileType = text.plist.xml; path = fugaijian.plist; sourceTree = "<group>"; };
		8AD5E0E120444CE000CB7CFF /* jiegoujian.plist */ = {isa = PBXFileReference; fileEncoding = 4; lastKnownFileType = text.plist.xml; path = jiegoujian.plist; sourceTree = "<group>"; };
		8AD5E0E320444D8400CB7CFF /* miaoshu.plist */ = {isa = PBXFileReference; fileEncoding = 4; lastKnownFileType = text.plist.xml; path = miaoshu.plist; sourceTree = "<group>"; };
		8ADBF9E520468B86009F2052 /* String+GLExtension.swift */ = {isa = PBXFileReference; lastKnownFileType = sourcecode.swift; path = "String+GLExtension.swift"; sourceTree = "<group>"; };
		8AE3E249206DCF7700C95E1B /* GLUnderhouse.storyboard */ = {isa = PBXFileReference; lastKnownFileType = file.storyboard; path = GLUnderhouse.storyboard; sourceTree = "<group>"; };
		8AE3E24B206DCF8D00C95E1B /* GLUnderhouseViewController.swift */ = {isa = PBXFileReference; lastKnownFileType = sourcecode.swift; path = GLUnderhouseViewController.swift; sourceTree = "<group>"; };
		8AEEF1ED203482AE00F8F5E1 /* GLAddView.xib */ = {isa = PBXFileReference; lastKnownFileType = file.xib; path = GLAddView.xib; sourceTree = "<group>"; };
		8AEEF1EF2035971000F8F5E1 /* GLAddView.swift */ = {isa = PBXFileReference; lastKnownFileType = sourcecode.swift; path = GLAddView.swift; sourceTree = "<group>"; };
		8AEEF1F120366F3000F8F5E1 /* GLCreateCarEstimateViewController.swift */ = {isa = PBXFileReference; lastKnownFileType = sourcecode.swift; path = GLCreateCarEstimateViewController.swift; sourceTree = "<group>"; };
		8AEEF1F320366F5600F8F5E1 /* GLCreateCarEstimate.storyboard */ = {isa = PBXFileReference; lastKnownFileType = file.storyboard; path = GLCreateCarEstimate.storyboard; sourceTree = "<group>"; };
		8AEEF1F72037C20200F8F5E1 /* GLRadio.storyboard */ = {isa = PBXFileReference; lastKnownFileType = file.storyboard; path = GLRadio.storyboard; sourceTree = "<group>"; };
		8AEEF1F92037C41800F8F5E1 /* GLRadioViewController.swift */ = {isa = PBXFileReference; lastKnownFileType = sourcecode.swift; path = GLRadioViewController.swift; sourceTree = "<group>"; };
		8AEEF1FF203FAF7700F8F5E1 /* GLSubmitLoadingView.xib */ = {isa = PBXFileReference; lastKnownFileType = file.xib; path = GLSubmitLoadingView.xib; sourceTree = "<group>"; };
		8AEEF201203FB80D00F8F5E1 /* GLSubmitLoadingView.swift */ = {isa = PBXFileReference; lastKnownFileType = sourcecode.swift; path = GLSubmitLoadingView.swift; sourceTree = "<group>"; };
		8AF1C4B62071C8F9009D6F7D /* GLApproveView.xib */ = {isa = PBXFileReference; lastKnownFileType = file.xib; path = GLApproveView.xib; sourceTree = "<group>"; };
		8AF1C4B82071C909009D6F7D /* GLApproveView.swift */ = {isa = PBXFileReference; lastKnownFileType = sourcecode.swift; path = GLApproveView.swift; sourceTree = "<group>"; };
		8AF1C4BA2071DB74009D6F7D /* GLTaskDetailTableViewPictureCell.xib */ = {isa = PBXFileReference; lastKnownFileType = file.xib; path = GLTaskDetailTableViewPictureCell.xib; sourceTree = "<group>"; };
		8AF1C4BC20720C95009D6F7D /* GLTaskDetailPictureCell.xib */ = {isa = PBXFileReference; lastKnownFileType = file.xib; path = GLTaskDetailPictureCell.xib; sourceTree = "<group>"; };
		8AF1C4BE2073867A009D6F7D /* GLGPSComplete.storyboard */ = {isa = PBXFileReference; lastKnownFileType = file.storyboard; path = GLGPSComplete.storyboard; sourceTree = "<group>"; };
		8AF1C4C020738694009D6F7D /* GLGPSCompleteViewController.swift */ = {isa = PBXFileReference; lastKnownFileType = sourcecode.swift; path = GLGPSCompleteViewController.swift; sourceTree = "<group>"; };
		8AF699B320A58ED600D819E4 /* zh-Hans */ = {isa = PBXFileReference; lastKnownFileType = text.plist.strings; name = "zh-Hans"; path = "../zh-Hans.lproj/GLWorkTable.strings"; sourceTree = "<group>"; };
		8AF699B420A58ED600D819E4 /* zh-Hans */ = {isa = PBXFileReference; lastKnownFileType = text.plist.strings; name = "zh-Hans"; path = "zh-Hans.lproj/Main.strings"; sourceTree = "<group>"; };
		8AF699B520A58ED600D819E4 /* zh-Hans */ = {isa = PBXFileReference; lastKnownFileType = text.plist.strings; name = "zh-Hans"; path = "zh-Hans.lproj/LaunchScreen.strings"; sourceTree = "<group>"; };
		8AF90C1D20746850009DD32E /* YihaodarDev.app */ = {isa = PBXFileReference; explicitFileType = wrapper.application; includeInIndex = 0; path = YihaodarDev.app; sourceTree = BUILT_PRODUCTS_DIR; };
		8AF90C1F207469D1009DD32E /* YihaodarDev-Info.plist */ = {isa = PBXFileReference; fileEncoding = 4; lastKnownFileType = text.plist.xml; path = "YihaodarDev-Info.plist"; sourceTree = "<group>"; };
		8C9FBF8E4CCEB0B7CCAA2047 /* Pods-CommonPods-YihaodarDev.release.xcconfig */ = {isa = PBXFileReference; includeInIndex = 1; lastKnownFileType = text.xcconfig; name = "Pods-CommonPods-YihaodarDev.release.xcconfig"; path = "Pods/Target Support Files/Pods-CommonPods-YihaodarDev/Pods-CommonPods-YihaodarDev.release.xcconfig"; sourceTree = "<group>"; };
		BF4587FD9636E48E2C2919C2 /* Pods-CommonPods-Yihaodar.debug.xcconfig */ = {isa = PBXFileReference; includeInIndex = 1; lastKnownFileType = text.xcconfig; name = "Pods-CommonPods-Yihaodar.debug.xcconfig"; path = "Pods/Target Support Files/Pods-CommonPods-Yihaodar/Pods-CommonPods-Yihaodar.debug.xcconfig"; sourceTree = "<group>"; };
		F16819E537495FD0649CC90A /* Pods-CommonPods-YihaodarDev.debug.xcconfig */ = {isa = PBXFileReference; includeInIndex = 1; lastKnownFileType = text.xcconfig; name = "Pods-CommonPods-YihaodarDev.debug.xcconfig"; path = "Pods/Target Support Files/Pods-CommonPods-YihaodarDev/Pods-CommonPods-YihaodarDev.debug.xcconfig"; sourceTree = "<group>"; };
/* End PBXFileReference section */

/* Begin PBXFrameworksBuildPhase section */
		8A23510B201E0AC4002715E0 /* Frameworks */ = {
			isa = PBXFrameworksBuildPhase;
			buildActionMask = 2147483647;
			files = (
				64BD20FEA7293BE6C36BA044 /* Pods_CommonPods_Yihaodar.framework in Frameworks */,
			);
			runOnlyForDeploymentPostprocessing = 0;
		};
		8AF90BEB20746850009DD32E /* Frameworks */ = {
			isa = PBXFrameworksBuildPhase;
			buildActionMask = 2147483647;
			files = (
				8A8BA2AF2074B8F2003F7421 /* Pods_CommonPods_Yihaodar.framework in Frameworks */,
				46F437935764F76F385B8C48 /* Pods_CommonPods_YihaodarDev.framework in Frameworks */,
			);
			runOnlyForDeploymentPostprocessing = 0;
		};
/* End PBXFrameworksBuildPhase section */

/* Begin PBXGroup section */
		8A1DAB87202AB23F001CBD0F /* GLExtension */ = {
			isa = PBXGroup;
			children = (
				8A1DAB88202AB282001CBD0F /* UIColor+GLExtension.swift */,
				8A1DAB91202AC3A8001CBD0F /* UIView+GLExtension.swift */,
				8ADBF9E520468B86009F2052 /* String+GLExtension.swift */,
			);
			path = GLExtension;
			sourceTree = "<group>";
		};
		8A1DAB8A202AB31A001CBD0F /* GLLogin */ = {
			isa = PBXGroup;
			children = (
				8A4982D920282BF200EB4BEF /* GLLoginViewController.swift */,
				8A1DAB8F202AB43B001CBD0F /* GLLogin.storyboard */,
			);
			path = GLLogin;
			sourceTree = "<group>";
		};
		8A1DAB8B202AB361001CBD0F /* GLBase */ = {
			isa = PBXGroup;
			children = (
				8AD2E87120208366008D32EA /* GLNavigationController.swift */,
				8AD2E86F2020795A008D32EA /* GLTabBarController.swift */,
			);
			path = GLBase;
			sourceTree = "<group>";
		};
		8A1DAB8C202AB383001CBD0F /* GLWrokTable */ = {
			isa = PBXGroup;
			children = (
				8A65877F2021C97A0031DD3D /* GLWorkTableController.swift */,
				8A1DAB94202ACBA3001CBD0F /* GLWorkTable.storyboard */,
			);
			path = GLWrokTable;
			sourceTree = "<group>";
		};
		8A1DAB8E202AB3A4001CBD0F /* GLCommon */ = {
			isa = PBXGroup;
			children = (
				8A8E614C20466D800068EA06 /* GLService.swift */,
				8A4982D72027F63A00EB4BEF /* GLConst.swift */,
				8A37F34E202C2EAD004FD467 /* GLRefreshHeader.swift */,
				8A3775E02033449700F921F8 /* GLRefreshFooter.swift */,
				8AC76E6B206C99940000214F /* SheetView */,
				8A4FCB1B206B465C00869687 /* SubmitTransition */,
				8A24F7A1202DB5C000FDC669 /* Yihaodar-Bridging-Header.h */,
			);
			path = GLCommon;
			sourceTree = "<group>";
		};
		8A1DAB97202ACC8F001CBD0F /* GLMe */ = {
			isa = PBXGroup;
			children = (
				8A5456102042920E0039D127 /* GLMeViewController.swift */,
				8A1DAB98202ACE04001CBD0F /* GLMe.storyboard */,
			);
			path = GLMe;
			sourceTree = "<group>";
		};
		8A1DAB9A202AFFF8001CBD0F /* GLTaskDetail */ = {
			isa = PBXGroup;
			children = (
				8A1DAB9B202B002B001CBD0F /* GLTaskDetailViewController.swift */,
				8A1DAB9D202B003F001CBD0F /* GLTaskDetail.storyboard */,
				8A7D848D2041329300B5046C /* GLTaskDetailPriceViewController.swift */,
				8A7D848B2041325800B5046C /* GLTaskDetailPrice.storyboard */,
				8AB9945A2067585600EF21B5 /* GLTaskDetailGPSViewController.swift */,
				8AB994582067583D00EF21B5 /* GLTaskDetailGPS.storyboard */,
				8A4832D0206B9F2C00BCD623 /* GLInstallGPSViewController.swift */,
				8A4832CE206B9B0A00BCD623 /* GLInstallGPS.storyboard */,
				8AE3E24B206DCF8D00C95E1B /* GLUnderhouseViewController.swift */,
				8AE3E249206DCF7700C95E1B /* GLUnderhouse.storyboard */,
				8AB74B18206E10B100F58BE5 /* GLPledgeViewController.swift */,
				8AB74B16206E109D00F58BE5 /* GLPledge.storyboard */,
				8AF1C4C020738694009D6F7D /* GLGPSCompleteViewController.swift */,
				8AF1C4BE2073867A009D6F7D /* GLGPSComplete.storyboard */,
				8AB994572064A43A00EF21B5 /* Views */,
			);
			path = GLTaskDetail;
			sourceTree = "<group>";
		};
		8A235105201E0AC4002715E0 = {
			isa = PBXGroup;
			children = (
				8A235110201E0AC4002715E0 /* Yihaodar */,
				8A23510F201E0AC4002715E0 /* Products */,
				A75B12E3B46C11A698C249EA /* Pods */,
				B244A3AEDF5982D8BAD7598C /* Frameworks */,
			);
			sourceTree = "<group>";
		};
		8A23510F201E0AC4002715E0 /* Products */ = {
			isa = PBXGroup;
			children = (
				8A23510E201E0AC4002715E0 /* Yihaodar.app */,
				8AF90C1D20746850009DD32E /* YihaodarDev.app */,
			);
			name = Products;
			sourceTree = "<group>";
		};
		8A235110201E0AC4002715E0 /* Yihaodar */ = {
			isa = PBXGroup;
			children = (
				8AB200E1205618DE00AE43A3 /* Yihaodar.entitlements */,
				8A235111201E0AC4002715E0 /* AppDelegate.swift */,
				8A1DAB8B202AB361001CBD0F /* GLBase */,
				8A1DAB8A202AB31A001CBD0F /* GLLogin */,
				8A1DAB8C202AB383001CBD0F /* GLWrokTable */,
				8A1DAB9A202AFFF8001CBD0F /* GLTaskDetail */,
				8A37F34B202BE9D8004FD467 /* GLSearch */,
				8AEEF1EC20346F9700F8F5E1 /* GLAdd */,
				8A1DAB97202ACC8F001CBD0F /* GLMe */,
				8AEEF1FB2039BA5B00F8F5E1 /* GLData */,
				8A1DAB8E202AB3A4001CBD0F /* GLCommon */,
				8A1DAB87202AB23F001CBD0F /* GLExtension */,
				8A235115201E0AC4002715E0 /* Main.storyboard */,
				8A235118201E0AC4002715E0 /* Assets.xcassets */,
				8A23511A201E0AC4002715E0 /* LaunchScreen.storyboard */,
				8A23511D201E0AC4002715E0 /* Info.plist */,
				8AF90C1F207469D1009DD32E /* YihaodarDev-Info.plist */,
			);
			path = Yihaodar;
			sourceTree = "<group>";
		};
		8A37F34B202BE9D8004FD467 /* GLSearch */ = {
			isa = PBXGroup;
			children = (
				8A37F34C202BE9F2004FD467 /* GLSearchViewController.swift */,
				8A24F7A920329A6400FDC669 /* GLSearch.storyboard */,
			);
			path = GLSearch;
			sourceTree = "<group>";
		};
		8A4FCB1B206B465C00869687 /* SubmitTransition */ = {
			isa = PBXGroup;
			children = (
				8A4FCB1C206B465C00869687 /* SpinerLayer.swift */,
				8A4FCB1D206B465C00869687 /* CGRectEx.swift */,
				8A4FCB1E206B465C00869687 /* TransitionSubmitButton.swift */,
				8A4FCB1F206B465C00869687 /* FadeTransition.swift */,
				8A4FCB20206B465C00869687 /* TimerEx.swift */,
			);
			path = SubmitTransition;
			sourceTree = "<group>";
		};
		8AB994572064A43A00EF21B5 /* Views */ = {
			isa = PBXGroup;
			children = (
				8AB9945C2067928200EF21B5 /* GLTaskDetailItemCell.xib */,
				8AB9945E2068B74300EF21B5 /* GLTaskDetailItemHeader.xib */,
				8A54560E204255340039D127 /* GLEstimateCarStateView.swift */,
				8A54560C204255290039D127 /* GLEstimateCarStateView.xib */,
				8A24F7A7202F314000FDC669 /* GLSubmitMessageView.swift */,
				8A24F7A5202F0E1200FDC669 /* GLSubmitMessageView.xib */,
				8A5456142042A9930039D127 /* GLSubmitMessagePriceView.swift */,
				8A5456122042A9850039D127 /* GLSubmitMessagePriceView.xib */,
				8AEEF201203FB80D00F8F5E1 /* GLSubmitLoadingView.swift */,
				8AEEF1FF203FAF7700F8F5E1 /* GLSubmitLoadingView.xib */,
				8AC76E69206BA3680000214F /* GLInstallDetailView.swift */,
				8AC76E67206BA3430000214F /* GLInstallDetailView.xib */,
				8AF1C4B82071C909009D6F7D /* GLApproveView.swift */,
				8AF1C4B62071C8F9009D6F7D /* GLApproveView.xib */,
				8AF1C4BC20720C95009D6F7D /* GLTaskDetailPictureCell.xib */,
				8AF1C4BA2071DB74009D6F7D /* GLTaskDetailTableViewPictureCell.xib */,
				8AA2E82120A4572200A3A7CB /* GLGPSnoAuthorityView.swift */,
				8AA2E81E20A4570900A3A7CB /* GLGPSnoAuthorityView.xib */,
			);
			path = Views;
			sourceTree = "<group>";
		};
		8AC76E6B206C99940000214F /* SheetView */ = {
			isa = PBXGroup;
			children = (
				8AC76E6C206C99940000214F /* ContentViewCell.swift */,
				8AC76E6D206C99940000214F /* SheetView.swift */,
			);
			path = SheetView;
			sourceTree = "<group>";
		};
		8AEEF1EC20346F9700F8F5E1 /* GLAdd */ = {
			isa = PBXGroup;
			children = (
				8AEEF1EF2035971000F8F5E1 /* GLAddView.swift */,
				8AEEF1ED203482AE00F8F5E1 /* GLAddView.xib */,
				8AEEF1F320366F5600F8F5E1 /* GLCreateCarEstimate.storyboard */,
				8AEEF1F120366F3000F8F5E1 /* GLCreateCarEstimateViewController.swift */,
				8A5456162043A5100039D127 /* GLCarMessageViewController.swift */,
				8A5456182043C8800039D127 /* GLCarConfigViewController.swift */,
				8A54561A2043D1E70039D127 /* GLCarStateViewController.swift */,
				8AD5E0C22043FC0800CB7CFF /* GLUploadPictureViewController.swift */,
				8AD5E0C420440AD300CB7CFF /* GLEstimateResultViewController.swift */,
				8AD5E0C02043D43600CB7CFF /* GLCarStateView.swift */,
				8AD5E0BE2043D42C00CB7CFF /* GLCarStateView.xib */,
				8A8E614A20455D590068EA06 /* GLDatePicker.swift */,
				8AEEF1F92037C41800F8F5E1 /* GLRadioViewController.swift */,
				8AEEF1F72037C20200F8F5E1 /* GLRadio.storyboard */,
				8AD5E0C72044208C00CB7CFF /* GLCheckBoxViewController.swift */,
				8AD5E0C9204420B100CB7CFF /* GLCheckBox.storyboard */,
			);
			path = GLAdd;
			sourceTree = "<group>";
		};
		8AEEF1FB2039BA5B00F8F5E1 /* GLData */ = {
			isa = PBXGroup;
			children = (
				8A357A742086E67C004CF0CB /* fangwuhuanjing.plist */,
				8A357A772086E67C004CF0CB /* fangwulaiyuan.plist */,
				8A357A762086E67C004CF0CB /* fangwuyongtu.plist */,
				8A357A752086E67C004CF0CB /* shifouyizhi.plist */,
				8A357A7120858FB9004CF0CB /* GPStype.plist */,
				8AD5E0CB2044461A00CB7CFF /* biansuqi.plist */,
				8AD5E0CD2044468400CB7CFF /* qudongfangshi.plist */,
				8AD5E0CF204446DF00CB7CFF /* youwu.plist */,
				8AD5E0D12044471800CB7CFF /* zuoyixingshi.plist */,
				8AD5E0D3204447DD00CB7CFF /* ranyoufangshi.plist */,
				8AD5E0D52044485F00CB7CFF /* tianchuang.plist */,
				8AD5E0D7204448CC00CB7CFF /* kongtiaopeizhi.plist */,
				8AD5E0D9204449B800CB7CFF /* qita.plist */,
				8AD5E0DB20444A8A00CB7CFF /* shigu.plist */,
				8AD5E0DD20444B7300CB7CFF /* chegoujian.plist */,
				8AD5E0DF20444BCB00CB7CFF /* fugaijian.plist */,
				8AD5E0E120444CE000CB7CFF /* jiegoujian.plist */,
				8AD5E0E320444D8400CB7CFF /* miaoshu.plist */,
				8A15BA92207F097B0066A5FF /* GLModelConvert.swift */,
			);
			path = GLData;
			sourceTree = "<group>";
		};
		A75B12E3B46C11A698C249EA /* Pods */ = {
			isa = PBXGroup;
			children = (
				BF4587FD9636E48E2C2919C2 /* Pods-CommonPods-Yihaodar.debug.xcconfig */,
				6CAC3B8953C87BFDB1EC0DF1 /* Pods-CommonPods-Yihaodar.release.xcconfig */,
				F16819E537495FD0649CC90A /* Pods-CommonPods-YihaodarDev.debug.xcconfig */,
				8C9FBF8E4CCEB0B7CCAA2047 /* Pods-CommonPods-YihaodarDev.release.xcconfig */,
			);
			name = Pods;
			sourceTree = "<group>";
		};
		B244A3AEDF5982D8BAD7598C /* Frameworks */ = {
			isa = PBXGroup;
			children = (
				345B0B2259BEFB9AEECD9CD0 /* Pods_Yihaodar.framework */,
				2EF1F8DA5F5C42818A503C6C /* Pods_CommonPods_Yihaodar.framework */,
				4C11DAB82FCC913D2FA1FE06 /* Pods_CommonPods_YihaodarDev.framework */,
			);
			name = Frameworks;
			sourceTree = "<group>";
		};
/* End PBXGroup section */

/* Begin PBXNativeTarget section */
		8A23510D201E0AC4002715E0 /* Yihaodar */ = {
			isa = PBXNativeTarget;
			buildConfigurationList = 8A235120201E0AC4002715E0 /* Build configuration list for PBXNativeTarget "Yihaodar" */;
			buildPhases = (
				9513397DF211ADAA115878AC /* [CP] Check Pods Manifest.lock */,
				8A23510A201E0AC4002715E0 /* Sources */,
				8A23510B201E0AC4002715E0 /* Frameworks */,
				8A23510C201E0AC4002715E0 /* Resources */,
				198A080A960E5DDD645447CD /* [CP] Embed Pods Frameworks */,
				F7DFCD408DDEC61F92DF193E /* [CP] Copy Pods Resources */,
			);
			buildRules = (
			);
			dependencies = (
			);
			name = Yihaodar;
			productName = Yihaodar;
			productReference = 8A23510E201E0AC4002715E0 /* Yihaodar.app */;
			productType = "com.apple.product-type.application";
		};
		8AF90BBB20746850009DD32E /* YihaodarDev */ = {
			isa = PBXNativeTarget;
			buildConfigurationList = 8AF90C1A20746850009DD32E /* Build configuration list for PBXNativeTarget "YihaodarDev" */;
			buildPhases = (
				8AF90BBC20746850009DD32E /* [CP] Check Pods Manifest.lock */,
				8AF90BBD20746850009DD32E /* Sources */,
				8AF90BEB20746850009DD32E /* Frameworks */,
				8AF90BED20746850009DD32E /* Resources */,
				8AF90C1820746850009DD32E /* [CP] Embed Pods Frameworks */,
				8AF90C1920746850009DD32E /* [CP] Copy Pods Resources */,
			);
			buildRules = (
			);
			dependencies = (
			);
			name = YihaodarDev;
			productName = Yihaodar;
			productReference = 8AF90C1D20746850009DD32E /* YihaodarDev.app */;
			productType = "com.apple.product-type.application";
		};
/* End PBXNativeTarget section */

/* Begin PBXProject section */
		8A235106201E0AC4002715E0 /* Project object */ = {
			isa = PBXProject;
			attributes = {
				LastSwiftUpdateCheck = 0920;
				LastUpgradeCheck = 0920;
				ORGANIZATIONNAME = Yihaodar;
				TargetAttributes = {
					8A23510D201E0AC4002715E0 = {
						CreatedOnToolsVersion = 9.2;
						LastSwiftMigration = 0910;
						ProvisioningStyle = Automatic;
						SystemCapabilities = {
							com.apple.BackgroundModes = {
								enabled = 1;
							};
							com.apple.Push = {
								enabled = 1;
							};
						};
					};
					8AF90BBB20746850009DD32E = {
						ProvisioningStyle = Automatic;
					};
				};
			};
			buildConfigurationList = 8A235109201E0AC4002715E0 /* Build configuration list for PBXProject "Yihaodar" */;
			compatibilityVersion = "Xcode 8.0";
			developmentRegion = en;
			hasScannedForEncodings = 0;
			knownRegions = (
				en,
				Base,
			);
			mainGroup = 8A235105201E0AC4002715E0;
			productRefGroup = 8A23510F201E0AC4002715E0 /* Products */;
			projectDirPath = "";
			projectRoot = "";
			targets = (
				8A23510D201E0AC4002715E0 /* Yihaodar */,
				8AF90BBB20746850009DD32E /* YihaodarDev */,
			);
		};
/* End PBXProject section */

/* Begin PBXResourcesBuildPhase section */
		8A23510C201E0AC4002715E0 /* Resources */ = {
			isa = PBXResourcesBuildPhase;
			buildActionMask = 2147483647;
			files = (
				8A362E5B2074D8F800B1E2C6 /* Main.storyboard in Resources */,
				8A362E5C2074D8F800B1E2C6 /* LaunchScreen.storyboard in Resources */,
				8A362E5A2074D8F100B1E2C6 /* GLWorkTable.storyboard in Resources */,
				8AF1C4BD20720C95009D6F7D /* GLTaskDetailPictureCell.xib in Resources */,
				8AD5E0DC20444A8A00CB7CFF /* shigu.plist in Resources */,
				8AF1C4B72071C8F9009D6F7D /* GLApproveView.xib in Resources */,
				8A357A782086E67C004CF0CB /* fangwuhuanjing.plist in Resources */,
				8A1DAB90202AB43B001CBD0F /* GLLogin.storyboard in Resources */,
				8AD5E0CA204420B100CB7CFF /* GLCheckBox.storyboard in Resources */,
				8AF1C4BB2071DB74009D6F7D /* GLTaskDetailTableViewPictureCell.xib in Resources */,
				8AD5E0DA204449B800CB7CFF /* qita.plist in Resources */,
				8AD5E0D0204446DF00CB7CFF /* youwu.plist in Resources */,
				8AEEF1F82037C20200F8F5E1 /* GLRadio.storyboard in Resources */,
				8A357A7E2086E67C004CF0CB /* fangwulaiyuan.plist in Resources */,
				8AEEF1EE203482AE00F8F5E1 /* GLAddView.xib in Resources */,
				8A54560D204255290039D127 /* GLEstimateCarStateView.xib in Resources */,
				8AD5E0D4204447DD00CB7CFF /* ranyoufangshi.plist in Resources */,
				8AB74B17206E109D00F58BE5 /* GLPledge.storyboard in Resources */,
				8A24F7A6202F0E1200FDC669 /* GLSubmitMessageView.xib in Resources */,
				8A357A7C2086E67C004CF0CB /* fangwuyongtu.plist in Resources */,
				8A24F7AA20329A6400FDC669 /* GLSearch.storyboard in Resources */,
				8A235119201E0AC4002715E0 /* Assets.xcassets in Resources */,
				8AB9945D2067928200EF21B5 /* GLTaskDetailItemCell.xib in Resources */,
				8AEEF200203FAF7700F8F5E1 /* GLSubmitLoadingView.xib in Resources */,
				8AD5E0E220444CE000CB7CFF /* jiegoujian.plist in Resources */,
				8AD5E0DE20444B7300CB7CFF /* chegoujian.plist in Resources */,
				8AD5E0CE2044468400CB7CFF /* qudongfangshi.plist in Resources */,
				8A357A7A2086E67C004CF0CB /* shifouyizhi.plist in Resources */,
				8AD5E0D8204448CC00CB7CFF /* kongtiaopeizhi.plist in Resources */,
				8AC76E68206BA3430000214F /* GLInstallDetailView.xib in Resources */,
				8AD5E0D22044471800CB7CFF /* zuoyixingshi.plist in Resources */,
				8AB994592067583D00EF21B5 /* GLTaskDetailGPS.storyboard in Resources */,
				8AD5E0CC2044461B00CB7CFF /* biansuqi.plist in Resources */,
				8A1DAB9E202B003F001CBD0F /* GLTaskDetail.storyboard in Resources */,
				8A4832CF206B9B0A00BCD623 /* GLInstallGPS.storyboard in Resources */,
				8AD5E0E020444BCB00CB7CFF /* fugaijian.plist in Resources */,
				8A357A7220858FB9004CF0CB /* GPStype.plist in Resources */,
				8A7D848C2041325800B5046C /* GLTaskDetailPrice.storyboard in Resources */,
				8AD5E0BF2043D42C00CB7CFF /* GLCarStateView.xib in Resources */,
				8AA2E81F20A4570900A3A7CB /* GLGPSnoAuthorityView.xib in Resources */,
				8AE3E24A206DCF7700C95E1B /* GLUnderhouse.storyboard in Resources */,
				8AD5E0D62044485F00CB7CFF /* tianchuang.plist in Resources */,
				8A5456132042A9850039D127 /* GLSubmitMessagePriceView.xib in Resources */,
				8AB9945F2068B74400EF21B5 /* GLTaskDetailItemHeader.xib in Resources */,
				8AD5E0E420444D8500CB7CFF /* miaoshu.plist in Resources */,
				8A1DAB99202ACE04001CBD0F /* GLMe.storyboard in Resources */,
				8AEEF1F420366F5600F8F5E1 /* GLCreateCarEstimate.storyboard in Resources */,
				8AF1C4BF2073867A009D6F7D /* GLGPSComplete.storyboard in Resources */,
			);
			runOnlyForDeploymentPostprocessing = 0;
		};
		8AF90BED20746850009DD32E /* Resources */ = {
			isa = PBXResourcesBuildPhase;
			buildActionMask = 2147483647;
			files = (
				8A362E5D2074D90B00B1E2C6 /* GLWorkTable.storyboard in Resources */,
				8A362E5E2074D90B00B1E2C6 /* Main.storyboard in Resources */,
				8A362E5F2074D90B00B1E2C6 /* LaunchScreen.storyboard in Resources */,
				8AF90BEE20746850009DD32E /* GLTaskDetailPictureCell.xib in Resources */,
				8AF90BEF20746850009DD32E /* shigu.plist in Resources */,
				8AF90BF020746850009DD32E /* GLApproveView.xib in Resources */,
				8AF90BF220746850009DD32E /* GLLogin.storyboard in Resources */,
				8AF90BF320746850009DD32E /* GLCheckBox.storyboard in Resources */,
				8AF90BF420746850009DD32E /* GLTaskDetailTableViewPictureCell.xib in Resources */,
				8AF90BF520746850009DD32E /* qita.plist in Resources */,
				8AF90BF620746850009DD32E /* youwu.plist in Resources */,
				8A357A792086E67C004CF0CB /* fangwuhuanjing.plist in Resources */,
				8AF90BF720746850009DD32E /* GLRadio.storyboard in Resources */,
				8AF90BF820746850009DD32E /* GLAddView.xib in Resources */,
				8A357A7B2086E67C004CF0CB /* shifouyizhi.plist in Resources */,
				8AF90BF920746850009DD32E /* GLEstimateCarStateView.xib in Resources */,
				8AF90BFA20746850009DD32E /* ranyoufangshi.plist in Resources */,
				8AF90BFB20746850009DD32E /* GLPledge.storyboard in Resources */,
				8AF90BFC20746850009DD32E /* GLSubmitMessageView.xib in Resources */,
				8AF90BFD20746850009DD32E /* GLSearch.storyboard in Resources */,
				8AF90BFE20746850009DD32E /* Assets.xcassets in Resources */,
				8AF90BFF20746850009DD32E /* GLTaskDetailItemCell.xib in Resources */,
				8AF90C0020746850009DD32E /* GLSubmitLoadingView.xib in Resources */,
				8AF90C20207469D2009DD32E /* YihaodarDev-Info.plist in Resources */,
				8AF90C0120746850009DD32E /* jiegoujian.plist in Resources */,
				8AF90C0220746850009DD32E /* chegoujian.plist in Resources */,
				8A357A7D2086E67C004CF0CB /* fangwuyongtu.plist in Resources */,
				8AF90C0320746850009DD32E /* qudongfangshi.plist in Resources */,
				8AA2E82020A4570900A3A7CB /* GLGPSnoAuthorityView.xib in Resources */,
				8AF90C0420746850009DD32E /* kongtiaopeizhi.plist in Resources */,
				8AF90C0620746850009DD32E /* GLInstallDetailView.xib in Resources */,
				8A357A7320858FB9004CF0CB /* GPStype.plist in Resources */,
				8AF90C0720746850009DD32E /* zuoyixingshi.plist in Resources */,
				8AF90C0820746850009DD32E /* GLTaskDetailGPS.storyboard in Resources */,
				8AF90C0920746850009DD32E /* biansuqi.plist in Resources */,
				8AF90C0A20746850009DD32E /* GLTaskDetail.storyboard in Resources */,
				8AF90C0B20746850009DD32E /* GLInstallGPS.storyboard in Resources */,
				8AF90C0C20746850009DD32E /* fugaijian.plist in Resources */,
				8AF90C0D20746850009DD32E /* GLTaskDetailPrice.storyboard in Resources */,
				8AF90C0E20746850009DD32E /* GLCarStateView.xib in Resources */,
				8AF90C0F20746850009DD32E /* GLUnderhouse.storyboard in Resources */,
				8A357A7F2086E67C004CF0CB /* fangwulaiyuan.plist in Resources */,
				8AF90C1020746850009DD32E /* tianchuang.plist in Resources */,
				8AF90C1220746850009DD32E /* GLSubmitMessagePriceView.xib in Resources */,
				8AF90C1320746850009DD32E /* GLTaskDetailItemHeader.xib in Resources */,
				8AF90C1420746850009DD32E /* miaoshu.plist in Resources */,
				8AF90C1520746850009DD32E /* GLMe.storyboard in Resources */,
				8AF90C1620746850009DD32E /* GLCreateCarEstimate.storyboard in Resources */,
				8AF90C1720746850009DD32E /* GLGPSComplete.storyboard in Resources */,
			);
			runOnlyForDeploymentPostprocessing = 0;
		};
/* End PBXResourcesBuildPhase section */

/* Begin PBXShellScriptBuildPhase section */
		198A080A960E5DDD645447CD /* [CP] Embed Pods Frameworks */ = {
			isa = PBXShellScriptBuildPhase;
			buildActionMask = 2147483647;
			files = (
			);
			inputPaths = (
				"${SRCROOT}/Pods/Target Support Files/Pods-CommonPods-Yihaodar/Pods-CommonPods-Yihaodar-frameworks.sh",
				"${BUILT_PRODUCTS_DIR}/Alamofire/Alamofire.framework",
				"${BUILT_PRODUCTS_DIR}/Default/Default.framework",
				"${BUILT_PRODUCTS_DIR}/FSPagerView/FSPagerView.framework",
				"${BUILT_PRODUCTS_DIR}/HGPlaceholders/HGPlaceholders.framework",
				"${BUILT_PRODUCTS_DIR}/HandyJSON/HandyJSON.framework",
				"${BUILT_PRODUCTS_DIR}/IQKeyboardManagerSwift/IQKeyboardManagerSwift.framework",
				"${BUILT_PRODUCTS_DIR}/JGProgressHUD/JGProgressHUD.framework",
				"${BUILT_PRODUCTS_DIR}/Kingfisher/Kingfisher.framework",
				"${BUILT_PRODUCTS_DIR}/Moya/Moya.framework",
				"${BUILT_PRODUCTS_DIR}/PullToRefreshKit/PullToRefreshKit.framework",
				"${BUILT_PRODUCTS_DIR}/Result/Result.framework",
				"${BUILT_PRODUCTS_DIR}/RxCocoa/RxCocoa.framework",
				"${BUILT_PRODUCTS_DIR}/RxSwift/RxSwift.framework",
				"${BUILT_PRODUCTS_DIR}/SKPhotoBrowser/SKPhotoBrowser.framework",
				"${BUILT_PRODUCTS_DIR}/SnapKit/SnapKit.framework",
				"${BUILT_PRODUCTS_DIR}/Spring/Spring.framework",
				"${BUILT_PRODUCTS_DIR}/SwiftyJSON/SwiftyJSON.framework",
				"${BUILT_PRODUCTS_DIR}/Toast-Swift/Toast_Swift.framework",
				"${BUILT_PRODUCTS_DIR}/XLPagerTabStrip/XLPagerTabStrip.framework",
			);
			name = "[CP] Embed Pods Frameworks";
			outputPaths = (
				"${TARGET_BUILD_DIR}/${FRAMEWORKS_FOLDER_PATH}/Alamofire.framework",
				"${TARGET_BUILD_DIR}/${FRAMEWORKS_FOLDER_PATH}/Default.framework",
				"${TARGET_BUILD_DIR}/${FRAMEWORKS_FOLDER_PATH}/FSPagerView.framework",
				"${TARGET_BUILD_DIR}/${FRAMEWORKS_FOLDER_PATH}/HGPlaceholders.framework",
				"${TARGET_BUILD_DIR}/${FRAMEWORKS_FOLDER_PATH}/HandyJSON.framework",
				"${TARGET_BUILD_DIR}/${FRAMEWORKS_FOLDER_PATH}/IQKeyboardManagerSwift.framework",
				"${TARGET_BUILD_DIR}/${FRAMEWORKS_FOLDER_PATH}/JGProgressHUD.framework",
				"${TARGET_BUILD_DIR}/${FRAMEWORKS_FOLDER_PATH}/Kingfisher.framework",
				"${TARGET_BUILD_DIR}/${FRAMEWORKS_FOLDER_PATH}/Moya.framework",
				"${TARGET_BUILD_DIR}/${FRAMEWORKS_FOLDER_PATH}/PullToRefreshKit.framework",
				"${TARGET_BUILD_DIR}/${FRAMEWORKS_FOLDER_PATH}/Result.framework",
				"${TARGET_BUILD_DIR}/${FRAMEWORKS_FOLDER_PATH}/RxCocoa.framework",
				"${TARGET_BUILD_DIR}/${FRAMEWORKS_FOLDER_PATH}/RxSwift.framework",
				"${TARGET_BUILD_DIR}/${FRAMEWORKS_FOLDER_PATH}/SKPhotoBrowser.framework",
				"${TARGET_BUILD_DIR}/${FRAMEWORKS_FOLDER_PATH}/SnapKit.framework",
				"${TARGET_BUILD_DIR}/${FRAMEWORKS_FOLDER_PATH}/Spring.framework",
				"${TARGET_BUILD_DIR}/${FRAMEWORKS_FOLDER_PATH}/SwiftyJSON.framework",
				"${TARGET_BUILD_DIR}/${FRAMEWORKS_FOLDER_PATH}/Toast_Swift.framework",
				"${TARGET_BUILD_DIR}/${FRAMEWORKS_FOLDER_PATH}/XLPagerTabStrip.framework",
			);
			runOnlyForDeploymentPostprocessing = 0;
			shellPath = /bin/sh;
			shellScript = "\"${SRCROOT}/Pods/Target Support Files/Pods-CommonPods-Yihaodar/Pods-CommonPods-Yihaodar-frameworks.sh\"\n";
			showEnvVarsInLog = 0;
		};
		8AF90BBC20746850009DD32E /* [CP] Check Pods Manifest.lock */ = {
			isa = PBXShellScriptBuildPhase;
			buildActionMask = 2147483647;
			files = (
			);
			inputPaths = (
				"${PODS_PODFILE_DIR_PATH}/Podfile.lock",
				"${PODS_ROOT}/Manifest.lock",
			);
			name = "[CP] Check Pods Manifest.lock";
			outputPaths = (
				"$(DERIVED_FILE_DIR)/Pods-CommonPods-YihaodarDev-checkManifestLockResult.txt",
			);
			runOnlyForDeploymentPostprocessing = 0;
			shellPath = /bin/sh;
			shellScript = "diff \"${PODS_PODFILE_DIR_PATH}/Podfile.lock\" \"${PODS_ROOT}/Manifest.lock\" > /dev/null\nif [ $? != 0 ] ; then\n    # print error to STDERR\n    echo \"error: The sandbox is not in sync with the Podfile.lock. Run 'pod install' or update your CocoaPods installation.\" >&2\n    exit 1\nfi\n# This output is used by Xcode 'outputs' to avoid re-running this script phase.\necho \"SUCCESS\" > \"${SCRIPT_OUTPUT_FILE_0}\"\n";
			showEnvVarsInLog = 0;
		};
		8AF90C1820746850009DD32E /* [CP] Embed Pods Frameworks */ = {
			isa = PBXShellScriptBuildPhase;
			buildActionMask = 2147483647;
			files = (
			);
			inputPaths = (
				"${SRCROOT}/Pods/Target Support Files/Pods-CommonPods-YihaodarDev/Pods-CommonPods-YihaodarDev-frameworks.sh",
				"${BUILT_PRODUCTS_DIR}/Alamofire/Alamofire.framework",
				"${BUILT_PRODUCTS_DIR}/Default/Default.framework",
				"${BUILT_PRODUCTS_DIR}/FSPagerView/FSPagerView.framework",
				"${BUILT_PRODUCTS_DIR}/HGPlaceholders/HGPlaceholders.framework",
				"${BUILT_PRODUCTS_DIR}/HandyJSON/HandyJSON.framework",
				"${BUILT_PRODUCTS_DIR}/IQKeyboardManagerSwift/IQKeyboardManagerSwift.framework",
				"${BUILT_PRODUCTS_DIR}/JGProgressHUD/JGProgressHUD.framework",
				"${BUILT_PRODUCTS_DIR}/Kingfisher/Kingfisher.framework",
				"${BUILT_PRODUCTS_DIR}/Moya/Moya.framework",
				"${BUILT_PRODUCTS_DIR}/PullToRefreshKit/PullToRefreshKit.framework",
				"${BUILT_PRODUCTS_DIR}/Result/Result.framework",
				"${BUILT_PRODUCTS_DIR}/RxCocoa/RxCocoa.framework",
				"${BUILT_PRODUCTS_DIR}/RxSwift/RxSwift.framework",
				"${BUILT_PRODUCTS_DIR}/SKPhotoBrowser/SKPhotoBrowser.framework",
				"${BUILT_PRODUCTS_DIR}/SnapKit/SnapKit.framework",
				"${BUILT_PRODUCTS_DIR}/Spring/Spring.framework",
				"${BUILT_PRODUCTS_DIR}/SwiftyJSON/SwiftyJSON.framework",
				"${BUILT_PRODUCTS_DIR}/Toast-Swift/Toast_Swift.framework",
				"${BUILT_PRODUCTS_DIR}/XLPagerTabStrip/XLPagerTabStrip.framework",
			);
			name = "[CP] Embed Pods Frameworks";
			outputPaths = (
				"${TARGET_BUILD_DIR}/${FRAMEWORKS_FOLDER_PATH}/Alamofire.framework",
				"${TARGET_BUILD_DIR}/${FRAMEWORKS_FOLDER_PATH}/Default.framework",
				"${TARGET_BUILD_DIR}/${FRAMEWORKS_FOLDER_PATH}/FSPagerView.framework",
				"${TARGET_BUILD_DIR}/${FRAMEWORKS_FOLDER_PATH}/HGPlaceholders.framework",
				"${TARGET_BUILD_DIR}/${FRAMEWORKS_FOLDER_PATH}/HandyJSON.framework",
				"${TARGET_BUILD_DIR}/${FRAMEWORKS_FOLDER_PATH}/IQKeyboardManagerSwift.framework",
				"${TARGET_BUILD_DIR}/${FRAMEWORKS_FOLDER_PATH}/JGProgressHUD.framework",
				"${TARGET_BUILD_DIR}/${FRAMEWORKS_FOLDER_PATH}/Kingfisher.framework",
				"${TARGET_BUILD_DIR}/${FRAMEWORKS_FOLDER_PATH}/Moya.framework",
				"${TARGET_BUILD_DIR}/${FRAMEWORKS_FOLDER_PATH}/PullToRefreshKit.framework",
				"${TARGET_BUILD_DIR}/${FRAMEWORKS_FOLDER_PATH}/Result.framework",
				"${TARGET_BUILD_DIR}/${FRAMEWORKS_FOLDER_PATH}/RxCocoa.framework",
				"${TARGET_BUILD_DIR}/${FRAMEWORKS_FOLDER_PATH}/RxSwift.framework",
				"${TARGET_BUILD_DIR}/${FRAMEWORKS_FOLDER_PATH}/SKPhotoBrowser.framework",
				"${TARGET_BUILD_DIR}/${FRAMEWORKS_FOLDER_PATH}/SnapKit.framework",
				"${TARGET_BUILD_DIR}/${FRAMEWORKS_FOLDER_PATH}/Spring.framework",
				"${TARGET_BUILD_DIR}/${FRAMEWORKS_FOLDER_PATH}/SwiftyJSON.framework",
				"${TARGET_BUILD_DIR}/${FRAMEWORKS_FOLDER_PATH}/Toast_Swift.framework",
				"${TARGET_BUILD_DIR}/${FRAMEWORKS_FOLDER_PATH}/XLPagerTabStrip.framework",
			);
			runOnlyForDeploymentPostprocessing = 0;
			shellPath = /bin/sh;
			shellScript = "\"${SRCROOT}/Pods/Target Support Files/Pods-CommonPods-YihaodarDev/Pods-CommonPods-YihaodarDev-frameworks.sh\"\n";
			showEnvVarsInLog = 0;
		};
		8AF90C1920746850009DD32E /* [CP] Copy Pods Resources */ = {
			isa = PBXShellScriptBuildPhase;
			buildActionMask = 2147483647;
			files = (
			);
			inputPaths = (
			);
			name = "[CP] Copy Pods Resources";
			outputPaths = (
			);
			runOnlyForDeploymentPostprocessing = 0;
			shellPath = /bin/sh;
			shellScript = "\"${SRCROOT}/Pods/Target Support Files/Pods-CommonPods-YihaodarDev/Pods-CommonPods-YihaodarDev-resources.sh\"\n";
			showEnvVarsInLog = 0;
		};
		9513397DF211ADAA115878AC /* [CP] Check Pods Manifest.lock */ = {
			isa = PBXShellScriptBuildPhase;
			buildActionMask = 2147483647;
			files = (
			);
			inputPaths = (
				"${PODS_PODFILE_DIR_PATH}/Podfile.lock",
				"${PODS_ROOT}/Manifest.lock",
			);
			name = "[CP] Check Pods Manifest.lock";
			outputPaths = (
				"$(DERIVED_FILE_DIR)/Pods-CommonPods-Yihaodar-checkManifestLockResult.txt",
			);
			runOnlyForDeploymentPostprocessing = 0;
			shellPath = /bin/sh;
			shellScript = "diff \"${PODS_PODFILE_DIR_PATH}/Podfile.lock\" \"${PODS_ROOT}/Manifest.lock\" > /dev/null\nif [ $? != 0 ] ; then\n    # print error to STDERR\n    echo \"error: The sandbox is not in sync with the Podfile.lock. Run 'pod install' or update your CocoaPods installation.\" >&2\n    exit 1\nfi\n# This output is used by Xcode 'outputs' to avoid re-running this script phase.\necho \"SUCCESS\" > \"${SCRIPT_OUTPUT_FILE_0}\"\n";
			showEnvVarsInLog = 0;
		};
		F7DFCD408DDEC61F92DF193E /* [CP] Copy Pods Resources */ = {
			isa = PBXShellScriptBuildPhase;
			buildActionMask = 2147483647;
			files = (
			);
			inputPaths = (
			);
			name = "[CP] Copy Pods Resources";
			outputPaths = (
			);
			runOnlyForDeploymentPostprocessing = 0;
			shellPath = /bin/sh;
			shellScript = "\"${SRCROOT}/Pods/Target Support Files/Pods-CommonPods-Yihaodar/Pods-CommonPods-Yihaodar-resources.sh\"\n";
			showEnvVarsInLog = 0;
		};
/* End PBXShellScriptBuildPhase section */

/* Begin PBXSourcesBuildPhase section */
		8A23510A201E0AC4002715E0 /* Sources */ = {
			isa = PBXSourcesBuildPhase;
			buildActionMask = 2147483647;
			files = (
				8AB9945B2067585600EF21B5 /* GLTaskDetailGPSViewController.swift in Sources */,
				8AD5E0C12043D43600CB7CFF /* GLCarStateView.swift in Sources */,
				8A4FCB22206B465C00869687 /* CGRectEx.swift in Sources */,
				8A1DAB9C202B002B001CBD0F /* GLTaskDetailViewController.swift in Sources */,
				8AE3E24C206DCF8D00C95E1B /* GLUnderhouseViewController.swift in Sources */,
				8A7D848E2041329300B5046C /* GLTaskDetailPriceViewController.swift in Sources */,
				8AA2E82220A4572200A3A7CB /* GLGPSnoAuthorityView.swift in Sources */,
				8A1DAB89202AB282001CBD0F /* UIColor+GLExtension.swift in Sources */,
				8AF1C4C120738694009D6F7D /* GLGPSCompleteViewController.swift in Sources */,
				8ADBF9E620468B86009F2052 /* String+GLExtension.swift in Sources */,
				8A6587802021C97A0031DD3D /* GLWorkTableController.swift in Sources */,
				8AF1C4B92071C909009D6F7D /* GLApproveView.swift in Sources */,
				8A37F34D202BE9F2004FD467 /* GLSearchViewController.swift in Sources */,
				8AEEF1FA2037C41800F8F5E1 /* GLRadioViewController.swift in Sources */,
				8A4FCB24206B465C00869687 /* FadeTransition.swift in Sources */,
				8AD5E0C520440AD300CB7CFF /* GLEstimateResultViewController.swift in Sources */,
				8A1DAB92202AC3A8001CBD0F /* UIView+GLExtension.swift in Sources */,
				8A4FCB25206B465C00869687 /* TimerEx.swift in Sources */,
				8A54560F204255340039D127 /* GLEstimateCarStateView.swift in Sources */,
				8A5456152042A9930039D127 /* GLSubmitMessagePriceView.swift in Sources */,
				8A5456192043C8800039D127 /* GLCarConfigViewController.swift in Sources */,
				8A54561B2043D1E70039D127 /* GLCarStateViewController.swift in Sources */,
				8A5456112042920E0039D127 /* GLMeViewController.swift in Sources */,
				8A15BA93207F097B0066A5FF /* GLModelConvert.swift in Sources */,
				8A4982D82027F63A00EB4BEF /* GLConst.swift in Sources */,
				8AD5E0C32043FC0800CB7CFF /* GLUploadPictureViewController.swift in Sources */,
				8A4FCB23206B465C00869687 /* TransitionSubmitButton.swift in Sources */,
				8A8E614D20466D800068EA06 /* GLService.swift in Sources */,
				8AD2E8702020795A008D32EA /* GLTabBarController.swift in Sources */,
				8A8E614B20455D590068EA06 /* GLDatePicker.swift in Sources */,
				8AD5E0C82044208C00CB7CFF /* GLCheckBoxViewController.swift in Sources */,
				8A4832D1206B9F2C00BCD623 /* GLInstallGPSViewController.swift in Sources */,
				8A4982DA20282BF200EB4BEF /* GLLoginViewController.swift in Sources */,
				8A3775E12033449700F921F8 /* GLRefreshFooter.swift in Sources */,
				8AEEF1F220366F3000F8F5E1 /* GLCreateCarEstimateViewController.swift in Sources */,
				8AC76E6E206C99940000214F /* ContentViewCell.swift in Sources */,
				8AC76E6F206C99940000214F /* SheetView.swift in Sources */,
				8AB74B19206E10B100F58BE5 /* GLPledgeViewController.swift in Sources */,
				8AEEF1F02035971000F8F5E1 /* GLAddView.swift in Sources */,
				8A37F34F202C2EAD004FD467 /* GLRefreshHeader.swift in Sources */,
				8AC76E6A206BA3680000214F /* GLInstallDetailView.swift in Sources */,
				8AEEF202203FB80D00F8F5E1 /* GLSubmitLoadingView.swift in Sources */,
				8A4FCB21206B465C00869687 /* SpinerLayer.swift in Sources */,
				8A24F7A8202F314000FDC669 /* GLSubmitMessageView.swift in Sources */,
				8A5456172043A5100039D127 /* GLCarMessageViewController.swift in Sources */,
				8A235112201E0AC4002715E0 /* AppDelegate.swift in Sources */,
				8AD2E87220208366008D32EA /* GLNavigationController.swift in Sources */,
			);
			runOnlyForDeploymentPostprocessing = 0;
		};
		8AF90BBD20746850009DD32E /* Sources */ = {
			isa = PBXSourcesBuildPhase;
			buildActionMask = 2147483647;
			files = (
				8AF90BBE20746850009DD32E /* GLTaskDetailGPSViewController.swift in Sources */,
				8AF90BBF20746850009DD32E /* GLCarStateView.swift in Sources */,
				8AF90BC020746850009DD32E /* CGRectEx.swift in Sources */,
				8AF90BC120746850009DD32E /* GLTaskDetailViewController.swift in Sources */,
				8AF90BC220746850009DD32E /* GLUnderhouseViewController.swift in Sources */,
				8AF90BC320746850009DD32E /* GLTaskDetailPriceViewController.swift in Sources */,
				8AA2E82320A4572200A3A7CB /* GLGPSnoAuthorityView.swift in Sources */,
				8AF90BC420746850009DD32E /* UIColor+GLExtension.swift in Sources */,
				8AF90BC520746850009DD32E /* GLGPSCompleteViewController.swift in Sources */,
				8AF90BC620746850009DD32E /* String+GLExtension.swift in Sources */,
				8AF90BC720746850009DD32E /* GLWorkTableController.swift in Sources */,
				8AF90BC820746850009DD32E /* GLApproveView.swift in Sources */,
				8AF90BC920746850009DD32E /* GLSearchViewController.swift in Sources */,
				8AF90BCA20746850009DD32E /* GLRadioViewController.swift in Sources */,
				8AF90BCB20746850009DD32E /* FadeTransition.swift in Sources */,
				8AF90BCC20746850009DD32E /* GLEstimateResultViewController.swift in Sources */,
				8AF90BCD20746850009DD32E /* UIView+GLExtension.swift in Sources */,
				8AF90BCE20746850009DD32E /* TimerEx.swift in Sources */,
				8AF90BCF20746850009DD32E /* GLEstimateCarStateView.swift in Sources */,
				8AF90BD020746850009DD32E /* GLSubmitMessagePriceView.swift in Sources */,
				8AF90BD120746850009DD32E /* GLCarConfigViewController.swift in Sources */,
				8AF90BD220746850009DD32E /* GLCarStateViewController.swift in Sources */,
				8AF90BD320746850009DD32E /* GLMeViewController.swift in Sources */,
				8A15BA94207F097B0066A5FF /* GLModelConvert.swift in Sources */,
				8AF90BD420746850009DD32E /* GLConst.swift in Sources */,
				8AF90BD520746850009DD32E /* GLUploadPictureViewController.swift in Sources */,
				8AF90BD620746850009DD32E /* TransitionSubmitButton.swift in Sources */,
				8AF90BD720746850009DD32E /* GLService.swift in Sources */,
				8AF90BD820746850009DD32E /* GLTabBarController.swift in Sources */,
				8AF90BD920746850009DD32E /* GLDatePicker.swift in Sources */,
				8AF90BDA20746850009DD32E /* GLCheckBoxViewController.swift in Sources */,
				8AF90BDB20746850009DD32E /* GLInstallGPSViewController.swift in Sources */,
				8AF90BDC20746850009DD32E /* GLLoginViewController.swift in Sources */,
				8AF90BDD20746850009DD32E /* GLRefreshFooter.swift in Sources */,
				8AF90BDE20746850009DD32E /* GLCreateCarEstimateViewController.swift in Sources */,
				8AF90BDF20746850009DD32E /* ContentViewCell.swift in Sources */,
				8AF90BE020746850009DD32E /* SheetView.swift in Sources */,
				8AF90BE120746850009DD32E /* GLPledgeViewController.swift in Sources */,
				8AF90BE220746850009DD32E /* GLAddView.swift in Sources */,
				8AF90BE320746850009DD32E /* GLRefreshHeader.swift in Sources */,
				8AF90BE420746850009DD32E /* GLInstallDetailView.swift in Sources */,
				8AF90BE520746850009DD32E /* GLSubmitLoadingView.swift in Sources */,
				8AF90BE620746850009DD32E /* SpinerLayer.swift in Sources */,
				8AF90BE720746850009DD32E /* GLSubmitMessageView.swift in Sources */,
				8AF90BE820746850009DD32E /* GLCarMessageViewController.swift in Sources */,
				8AF90BE920746850009DD32E /* AppDelegate.swift in Sources */,
				8AF90BEA20746850009DD32E /* GLNavigationController.swift in Sources */,
			);
			runOnlyForDeploymentPostprocessing = 0;
		};
/* End PBXSourcesBuildPhase section */

/* Begin PBXVariantGroup section */
		8A1DAB94202ACBA3001CBD0F /* GLWorkTable.storyboard */ = {
			isa = PBXVariantGroup;
			children = (
				8A1DAB95202ACBA3001CBD0F /* Base */,
				8AF699B320A58ED600D819E4 /* zh-Hans */,
			);
			name = GLWorkTable.storyboard;
			sourceTree = "<group>";
		};
		8A235115201E0AC4002715E0 /* Main.storyboard */ = {
			isa = PBXVariantGroup;
			children = (
				8A235116201E0AC4002715E0 /* Base */,
				8AF699B420A58ED600D819E4 /* zh-Hans */,
			);
			name = Main.storyboard;
			sourceTree = "<group>";
		};
		8A23511A201E0AC4002715E0 /* LaunchScreen.storyboard */ = {
			isa = PBXVariantGroup;
			children = (
				8A23511B201E0AC4002715E0 /* Base */,
				8AF699B520A58ED600D819E4 /* zh-Hans */,
			);
			name = LaunchScreen.storyboard;
			sourceTree = "<group>";
		};
/* End PBXVariantGroup section */

/* Begin XCBuildConfiguration section */
		8A23511E201E0AC4002715E0 /* Debug */ = {
			isa = XCBuildConfiguration;
			buildSettings = {
				ALWAYS_SEARCH_USER_PATHS = NO;
				CLANG_ANALYZER_LOCALIZABILITY_NONLOCALIZED = YES;
				CLANG_ANALYZER_NONNULL = YES;
				CLANG_ANALYZER_NUMBER_OBJECT_CONVERSION = YES_AGGRESSIVE;
				CLANG_CXX_LANGUAGE_STANDARD = "gnu++14";
				CLANG_CXX_LIBRARY = "libc++";
				CLANG_ENABLE_MODULES = YES;
				CLANG_ENABLE_OBJC_ARC = YES;
				CLANG_WARN_BLOCK_CAPTURE_AUTORELEASING = YES;
				CLANG_WARN_BOOL_CONVERSION = YES;
				CLANG_WARN_COMMA = YES;
				CLANG_WARN_CONSTANT_CONVERSION = YES;
				CLANG_WARN_DIRECT_OBJC_ISA_USAGE = YES_ERROR;
				CLANG_WARN_DOCUMENTATION_COMMENTS = YES;
				CLANG_WARN_EMPTY_BODY = YES;
				CLANG_WARN_ENUM_CONVERSION = YES;
				CLANG_WARN_INFINITE_RECURSION = YES;
				CLANG_WARN_INT_CONVERSION = YES;
				CLANG_WARN_NON_LITERAL_NULL_CONVERSION = YES;
				CLANG_WARN_OBJC_LITERAL_CONVERSION = YES;
				CLANG_WARN_OBJC_ROOT_CLASS = YES_ERROR;
				CLANG_WARN_RANGE_LOOP_ANALYSIS = YES;
				CLANG_WARN_STRICT_PROTOTYPES = YES;
				CLANG_WARN_SUSPICIOUS_MOVE = YES;
				CLANG_WARN_UNGUARDED_AVAILABILITY = YES_AGGRESSIVE;
				CLANG_WARN_UNREACHABLE_CODE = YES;
				CLANG_WARN__DUPLICATE_METHOD_MATCH = YES;
				CODE_SIGN_IDENTITY = "iPhone Developer";
				COPY_PHASE_STRIP = NO;
				DEBUG_INFORMATION_FORMAT = dwarf;
				ENABLE_STRICT_OBJC_MSGSEND = YES;
				ENABLE_TESTABILITY = YES;
				GCC_C_LANGUAGE_STANDARD = gnu11;
				GCC_DYNAMIC_NO_PIC = NO;
				GCC_NO_COMMON_BLOCKS = YES;
				GCC_OPTIMIZATION_LEVEL = 0;
				GCC_PREPROCESSOR_DEFINITIONS = (
					"DEBUG=1",
					"$(inherited)",
				);
				GCC_WARN_64_TO_32_BIT_CONVERSION = YES;
				GCC_WARN_ABOUT_RETURN_TYPE = YES_ERROR;
				GCC_WARN_UNDECLARED_SELECTOR = YES;
				GCC_WARN_UNINITIALIZED_AUTOS = YES_AGGRESSIVE;
				GCC_WARN_UNUSED_FUNCTION = YES;
				GCC_WARN_UNUSED_VARIABLE = YES;
				IPHONEOS_DEPLOYMENT_TARGET = 9.0;
				MTL_ENABLE_DEBUG_INFO = YES;
				ONLY_ACTIVE_ARCH = YES;
				SDKROOT = iphoneos;
				SWIFT_ACTIVE_COMPILATION_CONDITIONS = DEBUG;
				SWIFT_OPTIMIZATION_LEVEL = "-Onone";
			};
			name = Debug;
		};
		8A23511F201E0AC4002715E0 /* Release */ = {
			isa = XCBuildConfiguration;
			buildSettings = {
				ALWAYS_SEARCH_USER_PATHS = NO;
				CLANG_ANALYZER_LOCALIZABILITY_NONLOCALIZED = YES;
				CLANG_ANALYZER_NONNULL = YES;
				CLANG_ANALYZER_NUMBER_OBJECT_CONVERSION = YES_AGGRESSIVE;
				CLANG_CXX_LANGUAGE_STANDARD = "gnu++14";
				CLANG_CXX_LIBRARY = "libc++";
				CLANG_ENABLE_MODULES = YES;
				CLANG_ENABLE_OBJC_ARC = YES;
				CLANG_WARN_BLOCK_CAPTURE_AUTORELEASING = YES;
				CLANG_WARN_BOOL_CONVERSION = YES;
				CLANG_WARN_COMMA = YES;
				CLANG_WARN_CONSTANT_CONVERSION = YES;
				CLANG_WARN_DIRECT_OBJC_ISA_USAGE = YES_ERROR;
				CLANG_WARN_DOCUMENTATION_COMMENTS = YES;
				CLANG_WARN_EMPTY_BODY = YES;
				CLANG_WARN_ENUM_CONVERSION = YES;
				CLANG_WARN_INFINITE_RECURSION = YES;
				CLANG_WARN_INT_CONVERSION = YES;
				CLANG_WARN_NON_LITERAL_NULL_CONVERSION = YES;
				CLANG_WARN_OBJC_LITERAL_CONVERSION = YES;
				CLANG_WARN_OBJC_ROOT_CLASS = YES_ERROR;
				CLANG_WARN_RANGE_LOOP_ANALYSIS = YES;
				CLANG_WARN_STRICT_PROTOTYPES = YES;
				CLANG_WARN_SUSPICIOUS_MOVE = YES;
				CLANG_WARN_UNGUARDED_AVAILABILITY = YES_AGGRESSIVE;
				CLANG_WARN_UNREACHABLE_CODE = YES;
				CLANG_WARN__DUPLICATE_METHOD_MATCH = YES;
				CODE_SIGN_IDENTITY = "iPhone Developer";
				COPY_PHASE_STRIP = NO;
				DEBUG_INFORMATION_FORMAT = "dwarf-with-dsym";
				ENABLE_NS_ASSERTIONS = NO;
				ENABLE_STRICT_OBJC_MSGSEND = YES;
				GCC_C_LANGUAGE_STANDARD = gnu11;
				GCC_NO_COMMON_BLOCKS = YES;
				GCC_WARN_64_TO_32_BIT_CONVERSION = YES;
				GCC_WARN_ABOUT_RETURN_TYPE = YES_ERROR;
				GCC_WARN_UNDECLARED_SELECTOR = YES;
				GCC_WARN_UNINITIALIZED_AUTOS = YES_AGGRESSIVE;
				GCC_WARN_UNUSED_FUNCTION = YES;
				GCC_WARN_UNUSED_VARIABLE = YES;
				IPHONEOS_DEPLOYMENT_TARGET = 9.0;
				MTL_ENABLE_DEBUG_INFO = NO;
				SDKROOT = iphoneos;
				SWIFT_OPTIMIZATION_LEVEL = "-Owholemodule";
				VALIDATE_PRODUCT = YES;
			};
			name = Release;
		};
		8A235121201E0AC4002715E0 /* Debug */ = {
			isa = XCBuildConfiguration;
			baseConfigurationReference = BF4587FD9636E48E2C2919C2 /* Pods-CommonPods-Yihaodar.debug.xcconfig */;
			buildSettings = {
				ASSETCATALOG_COMPILER_APPICON_NAME = AppIcon;
				CLANG_ENABLE_MODULES = YES;
				CODE_SIGN_ENTITLEMENTS = Yihaodar/Yihaodar.entitlements;
				CODE_SIGN_STYLE = Automatic;
				DEVELOPMENT_TEAM = 8F3G9VLYG7;
				GCC_PREPROCESSOR_DEFINITIONS = (
					"$(inherited)",
					"COCOAPODS=1",
				);
				INFOPLIST_FILE = Yihaodar/Info.plist;
				IPHONEOS_DEPLOYMENT_TARGET = 9.0;
				LD_RUNPATH_SEARCH_PATHS = "$(inherited) @executable_path/Frameworks";
				PRODUCT_BUNDLE_IDENTIFIER = com.yihaodar.Yihaodar;
				PRODUCT_NAME = "$(TARGET_NAME)";
				SWIFT_OBJC_BRIDGING_HEADER = "Yihaodar/GLCommon/Yihaodar-Bridging-Header.h";
				SWIFT_OPTIMIZATION_LEVEL = "-Onone";
				SWIFT_VERSION = 4.0;
				TARGETED_DEVICE_FAMILY = 1;
			};
			name = Debug;
		};
		8A235122201E0AC4002715E0 /* Release */ = {
			isa = XCBuildConfiguration;
			baseConfigurationReference = 6CAC3B8953C87BFDB1EC0DF1 /* Pods-CommonPods-Yihaodar.release.xcconfig */;
			buildSettings = {
				ASSETCATALOG_COMPILER_APPICON_NAME = AppIcon;
				CLANG_ENABLE_MODULES = YES;
				CODE_SIGN_ENTITLEMENTS = Yihaodar/Yihaodar.entitlements;
				CODE_SIGN_STYLE = Automatic;
				DEVELOPMENT_TEAM = 8F3G9VLYG7;
				GCC_PREPROCESSOR_DEFINITIONS = (
					"$(inherited)",
					"COCOAPODS=1",
				);
				INFOPLIST_FILE = Yihaodar/Info.plist;
				IPHONEOS_DEPLOYMENT_TARGET = 9.0;
				LD_RUNPATH_SEARCH_PATHS = "$(inherited) @executable_path/Frameworks";
				PRODUCT_BUNDLE_IDENTIFIER = com.yihaodar.Yihaodar;
				PRODUCT_NAME = "$(TARGET_NAME)";
				SWIFT_OBJC_BRIDGING_HEADER = "Yihaodar/GLCommon/Yihaodar-Bridging-Header.h";
				SWIFT_VERSION = 4.0;
				TARGETED_DEVICE_FAMILY = 1;
			};
			name = Release;
		};
		8AF90C1B20746850009DD32E /* Debug */ = {
			isa = XCBuildConfiguration;
			baseConfigurationReference = F16819E537495FD0649CC90A /* Pods-CommonPods-YihaodarDev.debug.xcconfig */;
			buildSettings = {
				ASSETCATALOG_COMPILER_APPICON_NAME = AppIcon;
				CLANG_ENABLE_MODULES = YES;
				CODE_SIGN_ENTITLEMENTS = Yihaodar/Yihaodar.entitlements;
				CODE_SIGN_STYLE = Automatic;
				DEVELOPMENT_TEAM = 8F3G9VLYG7;
				GCC_PREPROCESSOR_DEFINITIONS = (
					"$(inherited)",
					"COCOAPODS=1",
				);
				INFOPLIST_FILE = "$(SRCROOT)/Yihaodar/YihaodarDev-Info.plist";
				IPHONEOS_DEPLOYMENT_TARGET = 9.0;
				LD_RUNPATH_SEARCH_PATHS = "$(inherited) @executable_path/Frameworks";
				OTHER_SWIFT_FLAGS = "$(inherited) \"-D\" \"COCOAPODS\"";
				PRODUCT_BUNDLE_IDENTIFIER = com.yihaodar.Yihaodar;
				PRODUCT_NAME = "$(TARGET_NAME)";
				SWIFT_ACTIVE_COMPILATION_CONDITIONS = "DEBUG DEVELOPMENT";
				SWIFT_OBJC_BRIDGING_HEADER = "Yihaodar/GLCommon/Yihaodar-Bridging-Header.h";
				SWIFT_OPTIMIZATION_LEVEL = "-Onone";
				SWIFT_VERSION = 4.0;
				TARGETED_DEVICE_FAMILY = 1;
			};
			name = Debug;
		};
		8AF90C1C20746850009DD32E /* Release */ = {
			isa = XCBuildConfiguration;
			baseConfigurationReference = 8C9FBF8E4CCEB0B7CCAA2047 /* Pods-CommonPods-YihaodarDev.release.xcconfig */;
			buildSettings = {
				ASSETCATALOG_COMPILER_APPICON_NAME = AppIcon;
				CLANG_ENABLE_MODULES = YES;
				CODE_SIGN_ENTITLEMENTS = Yihaodar/Yihaodar.entitlements;
				CODE_SIGN_STYLE = Automatic;
				DEVELOPMENT_TEAM = 8F3G9VLYG7;
				GCC_PREPROCESSOR_DEFINITIONS = (
					"$(inherited)",
					"COCOAPODS=1",
				);
				INFOPLIST_FILE = "$(SRCROOT)/Yihaodar/YihaodarDev-Info.plist";
				IPHONEOS_DEPLOYMENT_TARGET = 9.0;
				LD_RUNPATH_SEARCH_PATHS = "$(inherited) @executable_path/Frameworks";
				OTHER_SWIFT_FLAGS = "$(inherited) \"-D\" \"COCOAPODS\"";
				PRODUCT_BUNDLE_IDENTIFIER = com.yihaodar.Yihaodar;
				PRODUCT_NAME = "$(TARGET_NAME)";
				SWIFT_ACTIVE_COMPILATION_CONDITIONS = DEVELOPMENT;
				SWIFT_OBJC_BRIDGING_HEADER = "Yihaodar/GLCommon/Yihaodar-Bridging-Header.h";
				SWIFT_VERSION = 4.0;
				TARGETED_DEVICE_FAMILY = 1;
			};
			name = Release;
		};
/* End XCBuildConfiguration section */

/* Begin XCConfigurationList section */
		8A235109201E0AC4002715E0 /* Build configuration list for PBXProject "Yihaodar" */ = {
			isa = XCConfigurationList;
			buildConfigurations = (
				8A23511E201E0AC4002715E0 /* Debug */,
				8A23511F201E0AC4002715E0 /* Release */,
			);
			defaultConfigurationIsVisible = 0;
			defaultConfigurationName = Release;
		};
		8A235120201E0AC4002715E0 /* Build configuration list for PBXNativeTarget "Yihaodar" */ = {
			isa = XCConfigurationList;
			buildConfigurations = (
				8A235121201E0AC4002715E0 /* Debug */,
				8A235122201E0AC4002715E0 /* Release */,
			);
			defaultConfigurationIsVisible = 0;
			defaultConfigurationName = Release;
		};
		8AF90C1A20746850009DD32E /* Build configuration list for PBXNativeTarget "YihaodarDev" */ = {
			isa = XCConfigurationList;
			buildConfigurations = (
				8AF90C1B20746850009DD32E /* Debug */,
				8AF90C1C20746850009DD32E /* Release */,
			);
			defaultConfigurationIsVisible = 0;
			defaultConfigurationName = Release;
		};
/* End XCConfigurationList section */
	};
	rootObject = 8A235106201E0AC4002715E0 /* Project object */;
}
